// !$*UTF8*$!
{
	archiveVersion = 1;
	classes = {
	};
	objectVersion = 52;
	objects = {

/* Begin PBXBuildFile section */
		9212E776275C03A5000E9902 /* BrandDetailPayload.swift in Sources */ = {isa = PBXBuildFile; fileRef = 9212E775275C03A5000E9902 /* BrandDetailPayload.swift */; };
		9212E778275C03BB000E9902 /* BrandDetail.swift in Sources */ = {isa = PBXBuildFile; fileRef = 9212E777275C03BB000E9902 /* BrandDetail.swift */; };
		9212E77A275C03EE000E9902 /* BrandDetailService.swift in Sources */ = {isa = PBXBuildFile; fileRef = 9212E779275C03EE000E9902 /* BrandDetailService.swift */; };
		92A6F36E2870F5AC004F5C73 /* InfoDetailView.swift in Sources */ = {isa = PBXBuildFile; fileRef = 92A6F36D2870F5AC004F5C73 /* InfoDetailView.swift */; };
		92E3C6E327E7AF0900951146 /* CustomNavBarContainer.swift in Sources */ = {isa = PBXBuildFile; fileRef = 92E3C6E227E7AF0900951146 /* CustomNavBarContainer.swift */; };
		92E3C6E627E7CDD300951146 /* PreferenceKeyBase.swift in Sources */ = {isa = PBXBuildFile; fileRef = 92E3C6E527E7CDD300951146 /* PreferenceKeyBase.swift */; };
		98143D8C2767814E00A51D6F /* Mulish-LightItalic.ttf in Resources */ = {isa = PBXBuildFile; fileRef = 98143D782767814E00A51D6F /* Mulish-LightItalic.ttf */; };
		98143D8D2767814E00A51D6F /* Mulish-ExtraBoldItalic.ttf in Resources */ = {isa = PBXBuildFile; fileRef = 98143D792767814E00A51D6F /* Mulish-ExtraBoldItalic.ttf */; };
		98143D8E2767814E00A51D6F /* Mulish-Italic.ttf in Resources */ = {isa = PBXBuildFile; fileRef = 98143D7A2767814E00A51D6F /* Mulish-Italic.ttf */; };
		98143D8F2767814E00A51D6F /* Mulish-Regular.ttf in Resources */ = {isa = PBXBuildFile; fileRef = 98143D7B2767814E00A51D6F /* Mulish-Regular.ttf */; };
		98143D902767814E00A51D6F /* Mulish-Black.ttf in Resources */ = {isa = PBXBuildFile; fileRef = 98143D7C2767814E00A51D6F /* Mulish-Black.ttf */; };
		98143D912767814E00A51D6F /* Mulish-BlackItalic.ttf in Resources */ = {isa = PBXBuildFile; fileRef = 98143D7D2767814E00A51D6F /* Mulish-BlackItalic.ttf */; };
		98143D922767814E00A51D6F /* Mulish-SemiBoldItalic.ttf in Resources */ = {isa = PBXBuildFile; fileRef = 98143D7E2767814E00A51D6F /* Mulish-SemiBoldItalic.ttf */; };
		98143D932767814E00A51D6F /* Mulish-ExtraLightItalic.ttf in Resources */ = {isa = PBXBuildFile; fileRef = 98143D7F2767814E00A51D6F /* Mulish-ExtraLightItalic.ttf */; };
		98143D942767814E00A51D6F /* Mulish-Bold.ttf in Resources */ = {isa = PBXBuildFile; fileRef = 98143D802767814E00A51D6F /* Mulish-Bold.ttf */; };
		98143D952767814E00A51D6F /* OFL.txt in Resources */ = {isa = PBXBuildFile; fileRef = 98143D812767814E00A51D6F /* OFL.txt */; };
		98143D962767814E00A51D6F /* README.txt in Resources */ = {isa = PBXBuildFile; fileRef = 98143D822767814E00A51D6F /* README.txt */; };
		98143D972767814E00A51D6F /* Mulish-Light.ttf in Resources */ = {isa = PBXBuildFile; fileRef = 98143D832767814E00A51D6F /* Mulish-Light.ttf */; };
		98143D982767814E00A51D6F /* Mulish-Italic-VariableFont_wght.ttf in Resources */ = {isa = PBXBuildFile; fileRef = 98143D842767814E00A51D6F /* Mulish-Italic-VariableFont_wght.ttf */; };
		98143D992767814E00A51D6F /* Mulish-ExtraBold.ttf in Resources */ = {isa = PBXBuildFile; fileRef = 98143D852767814E00A51D6F /* Mulish-ExtraBold.ttf */; };
		98143D9A2767814E00A51D6F /* Mulish-ExtraLight.ttf in Resources */ = {isa = PBXBuildFile; fileRef = 98143D862767814E00A51D6F /* Mulish-ExtraLight.ttf */; };
		98143D9B2767814E00A51D6F /* Mulish-VariableFont_wght.ttf in Resources */ = {isa = PBXBuildFile; fileRef = 98143D872767814E00A51D6F /* Mulish-VariableFont_wght.ttf */; };
		98143D9C2767814E00A51D6F /* Mulish-Medium.ttf in Resources */ = {isa = PBXBuildFile; fileRef = 98143D882767814E00A51D6F /* Mulish-Medium.ttf */; };
		98143D9D2767814E00A51D6F /* Mulish-MediumItalic.ttf in Resources */ = {isa = PBXBuildFile; fileRef = 98143D892767814E00A51D6F /* Mulish-MediumItalic.ttf */; };
		98143D9E2767814E00A51D6F /* Mulish-SemiBold.ttf in Resources */ = {isa = PBXBuildFile; fileRef = 98143D8A2767814E00A51D6F /* Mulish-SemiBold.ttf */; };
		98143D9F2767814E00A51D6F /* Mulish-BoldItalic.ttf in Resources */ = {isa = PBXBuildFile; fileRef = 98143D8B2767814E00A51D6F /* Mulish-BoldItalic.ttf */; };
		9834C3972691DA230037EC8F /* EmailService.swift in Sources */ = {isa = PBXBuildFile; fileRef = 9834C3962691DA230037EC8F /* EmailService.swift */; };
		98448A6728762DF300AB7C8A /* SupportView.swift in Sources */ = {isa = PBXBuildFile; fileRef = 98448A6628762DF300AB7C8A /* SupportView.swift */; };
		98448A6A287633D600AB7C8A /* CollapsibleView.swift in Sources */ = {isa = PBXBuildFile; fileRef = 98448A69287633D600AB7C8A /* CollapsibleView.swift */; };
		98576D0D2691CDA700C307FA /* DonateView.swift in Sources */ = {isa = PBXBuildFile; fileRef = 98576D0C2691CDA700C307FA /* DonateView.swift */; };
		98598324268C4C8B007678E8 /* Font+Extension.swift in Sources */ = {isa = PBXBuildFile; fileRef = 98598323268C4C8B007678E8 /* Font+Extension.swift */; };
		98619F662694377700E4275E /* BankAccountView.swift in Sources */ = {isa = PBXBuildFile; fileRef = 98619F652694377700E4275E /* BankAccountView.swift */; };
		98880FB426887E6200D94852 /* WhoAreWeView.swift in Sources */ = {isa = PBXBuildFile; fileRef = 98880FB326887E6200D94852 /* WhoAreWeView.swift */; };
		98880FB726887F0400D94852 /* SocialMediaButton.swift in Sources */ = {isa = PBXBuildFile; fileRef = 98880FB626887F0400D94852 /* SocialMediaButton.swift */; };
		98880FBA26887F6500D94852 /* WhoAreWeButton.swift in Sources */ = {isa = PBXBuildFile; fileRef = 98880FB926887F6500D94852 /* WhoAreWeButton.swift */; };
		98AD7F2C2770F22C009F04A6 /* OpenWebsite.swift in Sources */ = {isa = PBXBuildFile; fileRef = 98AD7F2B2770F22C009F04A6 /* OpenWebsite.swift */; };
		A508DCB62683733200336A18 /* ExampleService.swift in Sources */ = {isa = PBXBuildFile; fileRef = A508DCB52683733200336A18 /* ExampleService.swift */; };
		A508DCC4268373B500336A18 /* ExampleAPI.swift in Sources */ = {isa = PBXBuildFile; fileRef = A508DCC3268373B500336A18 /* ExampleAPI.swift */; };
		A508DCCC2683745800336A18 /* ExampleEnvironment.swift in Sources */ = {isa = PBXBuildFile; fileRef = A508DCCB2683745800336A18 /* ExampleEnvironment.swift */; };
		A50CB05B26DCE00400259E05 /* CertificateView.swift in Sources */ = {isa = PBXBuildFile; fileRef = A50CB05A26DCE00400259E05 /* CertificateView.swift */; };
		A50CB05D26DCE9F700259E05 /* CertificateViewModel.swift in Sources */ = {isa = PBXBuildFile; fileRef = A50CB05C26DCE9F700259E05 /* CertificateViewModel.swift */; };
		A514220C2668C68E00C047D5 /* Localizable.strings in Resources */ = {isa = PBXBuildFile; fileRef = A514220E2668C68E00C047D5 /* Localizable.strings */; };
		A518C6102673655B00CD964D /* Configuration.swift in Sources */ = {isa = PBXBuildFile; fileRef = A518C60F2673655B00CD964D /* Configuration.swift */; };
		A518D6F426FA1B3C0084D8CC /* Lottie in Frameworks */ = {isa = PBXBuildFile; productRef = A518D6F326FA1B3C0084D8CC /* Lottie */; };
		A518D6F726FA1B5E0084D8CC /* LottieView.swift in Sources */ = {isa = PBXBuildFile; fileRef = A518D6F626FA1B5E0084D8CC /* LottieView.swift */; };
		A518D6FB26FA1BE00084D8CC /* LottieRabbit.swift in Sources */ = {isa = PBXBuildFile; fileRef = A518D6FA26FA1BE00084D8CC /* LottieRabbit.swift */; };
		A518D6FD26FA1BF10084D8CC /* rabbit.json in Resources */ = {isa = PBXBuildFile; fileRef = A518D6FC26FA1BF10084D8CC /* rabbit.json */; };
		A518D70126FA25600084D8CC /* noData.json in Resources */ = {isa = PBXBuildFile; fileRef = A518D70026FA25600084D8CC /* noData.json */; };
		A518D70326FA25800084D8CC /* LottieNoData.swift in Sources */ = {isa = PBXBuildFile; fileRef = A518D70226FA25800084D8CC /* LottieNoData.swift */; };
		A518D70626FA259C0084D8CC /* LottieEmpty.swift in Sources */ = {isa = PBXBuildFile; fileRef = A518D70526FA259C0084D8CC /* LottieEmpty.swift */; };
		A518D70826FA25A40084D8CC /* empty.json in Resources */ = {isa = PBXBuildFile; fileRef = A518D70726FA25A40084D8CC /* empty.json */; };
		A51C45A92660CD51003CCC58 /* DashboardTabView.swift in Sources */ = {isa = PBXBuildFile; fileRef = A51C45A82660CD51003CCC58 /* DashboardTabView.swift */; };
		A51C45B22660D615003CCC58 /* FirstView.swift in Sources */ = {isa = PBXBuildFile; fileRef = A51C45B12660D615003CCC58 /* FirstView.swift */; };
		A51C45B72660DAF0003CCC58 /* FirstViewModel.swift in Sources */ = {isa = PBXBuildFile; fileRef = A51C45B62660DAF0003CCC58 /* FirstViewModel.swift */; };
		A51C45BC2660DB4F003CCC58 /* FirstDependencyContainer.swift in Sources */ = {isa = PBXBuildFile; fileRef = A51C45BB2660DB4F003CCC58 /* FirstDependencyContainer.swift */; };
		A51C45C12660DD23003CCC58 /* FirstContainerView.swift in Sources */ = {isa = PBXBuildFile; fileRef = A51C45C02660DD23003CCC58 /* FirstContainerView.swift */; };
		A5222799267CD81600004C1F /* MainTabView.swift in Sources */ = {isa = PBXBuildFile; fileRef = A5222798267CD81600004C1F /* MainTabView.swift */; };
		A52227A5267CDB0500004C1F /* DiscoverView.swift in Sources */ = {isa = PBXBuildFile; fileRef = A52227A4267CDB0500004C1F /* DiscoverView.swift */; };
		A52227B3267CDD6B00004C1F /* CustomNavBar.swift in Sources */ = {isa = PBXBuildFile; fileRef = A52227B2267CDD6B00004C1F /* CustomNavBar.swift */; };
		A52227B8267CE41D00004C1F /* DiscoverDependencyContainer.swift in Sources */ = {isa = PBXBuildFile; fileRef = A52227B7267CE41D00004C1F /* DiscoverDependencyContainer.swift */; };
		A52227BE267CE50500004C1F /* CategoryAPI.swift in Sources */ = {isa = PBXBuildFile; fileRef = A52227BD267CE50500004C1F /* CategoryAPI.swift */; };
		A52227C7267CE5D700004C1F /* CategoryDummy.swift in Sources */ = {isa = PBXBuildFile; fileRef = A52227C6267CE5D700004C1F /* CategoryDummy.swift */; };
		A52227CC267CE64A00004C1F /* FakeCategoryService.swift in Sources */ = {isa = PBXBuildFile; fileRef = A52227CB267CE64A00004C1F /* FakeCategoryService.swift */; };
		A52227D5267CE79700004C1F /* CategoryListViewModel.swift in Sources */ = {isa = PBXBuildFile; fileRef = A52227D4267CE79700004C1F /* CategoryListViewModel.swift */; };
		A52227E5267CEB3800004C1F /* CategoryListView.swift in Sources */ = {isa = PBXBuildFile; fileRef = A52227E4267CEB3800004C1F /* CategoryListView.swift */; };
		A52227EE267CEE3200004C1F /* InstanceTracker.swift in Sources */ = {isa = PBXBuildFile; fileRef = A52227ED267CEE3200004C1F /* InstanceTracker.swift */; };
		A52227F3267CEFE300004C1F /* Array+Extension.swift in Sources */ = {isa = PBXBuildFile; fileRef = A52227F2267CEFE300004C1F /* Array+Extension.swift */; };
		A539B68A2756D028002FE847 /* BrandService.swift in Sources */ = {isa = PBXBuildFile; fileRef = A539B6892756D027002FE847 /* BrandService.swift */; };
		A539B68D2756D5F3002FE847 /* Brand.swift in Sources */ = {isa = PBXBuildFile; fileRef = A539B68C2756D5F3002FE847 /* Brand.swift */; };
		A539B68F2756D647002FE847 /* BaseResponse.swift in Sources */ = {isa = PBXBuildFile; fileRef = A539B68E2756D647002FE847 /* BaseResponse.swift */; };
		A539B6912756D66F002FE847 /* SearchBrandByCategoryPayload.swift in Sources */ = {isa = PBXBuildFile; fileRef = A539B6902756D66F002FE847 /* SearchBrandByCategoryPayload.swift */; };
		A53F552E265EECFA0005AB1C /* FakeAuthService.swift in Sources */ = {isa = PBXBuildFile; fileRef = A53F552D265EECFA0005AB1C /* FakeAuthService.swift */; };
		A542AC6A268FBB8000B725BE /* ActivityIndicator.swift in Sources */ = {isa = PBXBuildFile; fileRef = A542AC69268FBB8000B725BE /* ActivityIndicator.swift */; };
		A54DBBA1269D8AF00096BBAF /* BrandDetailView.swift in Sources */ = {isa = PBXBuildFile; fileRef = A54DBBA0269D8AF00096BBAF /* BrandDetailView.swift */; };
		A54DBBA3269D8AF80096BBAF /* BrandDetailViewModel.swift in Sources */ = {isa = PBXBuildFile; fileRef = A54DBBA2269D8AF80096BBAF /* BrandDetailViewModel.swift */; };
		A54DBBA6269D8B3E0096BBAF /* BaseViewModel.swift in Sources */ = {isa = PBXBuildFile; fileRef = A54DBBA5269D8B3E0096BBAF /* BaseViewModel.swift */; };
		A54ED83426CADC3500B4062D /* CustomErrorAlert.swift in Sources */ = {isa = PBXBuildFile; fileRef = A54ED83326CADC3500B4062D /* CustomErrorAlert.swift */; };
		A54ED83626CAEA6A00B4062D /* PointDetailAlert.swift in Sources */ = {isa = PBXBuildFile; fileRef = A54ED83526CAEA6A00B4062D /* PointDetailAlert.swift */; };
		A54ED83826CAED8E00B4062D /* BrandPointDetailUIModel.swift in Sources */ = {isa = PBXBuildFile; fileRef = A54ED83726CAED8E00B4062D /* BrandPointDetailUIModel.swift */; };
		A562BCF6265EE66400BBC6A9 /* AppEnvironment.swift in Sources */ = {isa = PBXBuildFile; fileRef = A562BCF5265EE66400BBC6A9 /* AppEnvironment.swift */; };
		A562BD01265EE7B800BBC6A9 /* Request.swift in Sources */ = {isa = PBXBuildFile; fileRef = A562BD00265EE7B800BBC6A9 /* Request.swift */; };
		A562BD10265EE90A00BBC6A9 /* AuthAPI.swift in Sources */ = {isa = PBXBuildFile; fileRef = A562BD0F265EE90A00BBC6A9 /* AuthAPI.swift */; };
		A5829268268CA30B00429A0E /* CategoryDetailView.swift in Sources */ = {isa = PBXBuildFile; fileRef = A5829267268CA30B00429A0E /* CategoryDetailView.swift */; };
		A59ED96C26F1B74200E71E7C /* InfoView.swift in Sources */ = {isa = PBXBuildFile; fileRef = A59ED96B26F1B74200E71E7C /* InfoView.swift */; };
		A5A6EA822667CA40008C8B2F /* FacebookAuthService.swift in Sources */ = {isa = PBXBuildFile; fileRef = A5A6EA812667CA40008C8B2F /* FacebookAuthService.swift */; };
		A5A6EA8C2667CF64008C8B2F /* RawRepresentable+Extension.swift in Sources */ = {isa = PBXBuildFile; fileRef = A5A6EA8B2667CF64008C8B2F /* RawRepresentable+Extension.swift */; };
		A5B2F952275FE8B900826518 /* LottieLoading.swift in Sources */ = {isa = PBXBuildFile; fileRef = A5B2F951275FE8B900826518 /* LottieLoading.swift */; };
		A5B2F956275FE99200826518 /* loading-lottie.json in Resources */ = {isa = PBXBuildFile; fileRef = A5B2F955275FE99200826518 /* loading-lottie.json */; };
		A5B2F958275FED4C00826518 /* OrderPopUp.swift in Sources */ = {isa = PBXBuildFile; fileRef = A5B2F957275FED4C00826518 /* OrderPopUp.swift */; };
		A5BAE692269EB0F6002DFFBD /* FixedImage.swift in Sources */ = {isa = PBXBuildFile; fileRef = A5BAE691269EB0F6002DFFBD /* FixedImage.swift */; };
		A5C7114E278DBECD000F803C /* UINavigationController+Extension.swift in Sources */ = {isa = PBXBuildFile; fileRef = A5C7114D278DBECD000F803C /* UINavigationController+Extension.swift */; };
		A5C96C0E277B0AC0005976B5 /* ScrollRefreshable.swift in Sources */ = {isa = PBXBuildFile; fileRef = A5C96C0D277B0AC0005976B5 /* ScrollRefreshable.swift */; };
		A5CC7D27265D8D4F00DD3AA7 /* AppDelegate.swift in Sources */ = {isa = PBXBuildFile; fileRef = A5CC7D26265D8D4F00DD3AA7 /* AppDelegate.swift */; };
		A5CC7D29265D8D4F00DD3AA7 /* SceneDelegate.swift in Sources */ = {isa = PBXBuildFile; fileRef = A5CC7D28265D8D4F00DD3AA7 /* SceneDelegate.swift */; };
		A5CC7D2D265D8D5000DD3AA7 /* Assets.xcassets in Resources */ = {isa = PBXBuildFile; fileRef = A5CC7D2C265D8D5000DD3AA7 /* Assets.xcassets */; };
		A5CC7D30265D8D5000DD3AA7 /* Preview Assets.xcassets in Resources */ = {isa = PBXBuildFile; fileRef = A5CC7D2F265D8D5000DD3AA7 /* Preview Assets.xcassets */; };
		A5CC7D33265D8D5000DD3AA7 /* LaunchScreen.storyboard in Resources */ = {isa = PBXBuildFile; fileRef = A5CC7D31265D8D5000DD3AA7 /* LaunchScreen.storyboard */; };
		A5CC7D3E265D8D5000DD3AA7 /* DeneysizTests.swift in Sources */ = {isa = PBXBuildFile; fileRef = A5CC7D3D265D8D5000DD3AA7 /* DeneysizTests.swift */; };
		A5CC7D49265D8D5000DD3AA7 /* DeneysizUITests.swift in Sources */ = {isa = PBXBuildFile; fileRef = A5CC7D48265D8D5000DD3AA7 /* DeneysizUITests.swift */; };
		A5CC7D75265D983400DD3AA7 /* BaseServiceProtocol.swift in Sources */ = {isa = PBXBuildFile; fileRef = A5CC7D74265D983400DD3AA7 /* BaseServiceProtocol.swift */; };
		A5CC7D80265D9DDE00DD3AA7 /* EnvironmentProtocol.swift in Sources */ = {isa = PBXBuildFile; fileRef = A5CC7D7F265D9DDE00DD3AA7 /* EnvironmentProtocol.swift */; };
		A5CC7D8F265DA18800DD3AA7 /* HTTPMethod.swift in Sources */ = {isa = PBXBuildFile; fileRef = A5CC7D8E265DA18800DD3AA7 /* HTTPMethod.swift */; };
		A5CC7D94265DA1BA00DD3AA7 /* APIError.swift in Sources */ = {isa = PBXBuildFile; fileRef = A5CC7D93265DA1BA00DD3AA7 /* APIError.swift */; };
		A5CC7DB5265DA73D00DD3AA7 /* URLSessionAgent.swift in Sources */ = {isa = PBXBuildFile; fileRef = A5CC7DB4265DA73D00DD3AA7 /* URLSessionAgent.swift */; };
		A5CC7DBD265DA93C00DD3AA7 /* RequestBuilder.swift in Sources */ = {isa = PBXBuildFile; fileRef = A5CC7DBC265DA93C00DD3AA7 /* RequestBuilder.swift */; };
		A5CC7DC3265DAA9D00DD3AA7 /* AuthService.swift in Sources */ = {isa = PBXBuildFile; fileRef = A5CC7DC2265DAA9D00DD3AA7 /* AuthService.swift */; };
		A5FBCF01268D811700921791 /* BrandDummy.swift in Sources */ = {isa = PBXBuildFile; fileRef = A5FBCF00268D811700921791 /* BrandDummy.swift */; };
		A5FBCF03268D8A4000921791 /* CategoryDetailViewModel.swift in Sources */ = {isa = PBXBuildFile; fileRef = A5FBCF02268D8A4000921791 /* CategoryDetailViewModel.swift */; };
		A5FBCF05268D8AAD00921791 /* BrandAPI.swift in Sources */ = {isa = PBXBuildFile; fileRef = A5FBCF04268D8AAD00921791 /* BrandAPI.swift */; };
		A5FBCF07268D8B0500921791 /* FakeBrandService.swift in Sources */ = {isa = PBXBuildFile; fileRef = A5FBCF06268D8B0500921791 /* FakeBrandService.swift */; };
		A5FBCF09268D8D8B00921791 /* PopUpHelper.swift in Sources */ = {isa = PBXBuildFile; fileRef = A5FBCF08268D8D8B00921791 /* PopUpHelper.swift */; };
		A5FBCF0D268D910F00921791 /* Logger.swift in Sources */ = {isa = PBXBuildFile; fileRef = A5FBCF0C268D910F00921791 /* Logger.swift */; };
		A5FBCF0F268DA1C000921791 /* View+Extension.swift in Sources */ = {isa = PBXBuildFile; fileRef = A5FBCF0E268DA1C000921791 /* View+Extension.swift */; };
		A5FC0A962694861800F0FAD6 /* Color+Extension.swift in Sources */ = {isa = PBXBuildFile; fileRef = A5FC0A952694861800F0FAD6 /* Color+Extension.swift */; };
		A5FC0A9B2694F5DE00F0FAD6 /* BrandListView.swift in Sources */ = {isa = PBXBuildFile; fileRef = A5FC0A9A2694F5DE00F0FAD6 /* BrandListView.swift */; };
/* End PBXBuildFile section */

/* Begin PBXContainerItemProxy section */
		A5CC7D3A265D8D5000DD3AA7 /* PBXContainerItemProxy */ = {
			isa = PBXContainerItemProxy;
			containerPortal = A5CC7D1B265D8D4F00DD3AA7 /* Project object */;
			proxyType = 1;
			remoteGlobalIDString = A5CC7D22265D8D4F00DD3AA7;
			remoteInfo = Deneysiz;
		};
		A5CC7D45265D8D5000DD3AA7 /* PBXContainerItemProxy */ = {
			isa = PBXContainerItemProxy;
			containerPortal = A5CC7D1B265D8D4F00DD3AA7 /* Project object */;
			proxyType = 1;
			remoteGlobalIDString = A5CC7D22265D8D4F00DD3AA7;
			remoteInfo = Deneysiz;
		};
/* End PBXContainerItemProxy section */

/* Begin PBXFileReference section */
		9212E775275C03A5000E9902 /* BrandDetailPayload.swift */ = {isa = PBXFileReference; lastKnownFileType = sourcecode.swift; path = BrandDetailPayload.swift; sourceTree = "<group>"; };
		9212E777275C03BB000E9902 /* BrandDetail.swift */ = {isa = PBXFileReference; lastKnownFileType = sourcecode.swift; path = BrandDetail.swift; sourceTree = "<group>"; };
		9212E779275C03EE000E9902 /* BrandDetailService.swift */ = {isa = PBXFileReference; lastKnownFileType = sourcecode.swift; path = BrandDetailService.swift; sourceTree = "<group>"; };
		92A6F36D2870F5AC004F5C73 /* InfoDetailView.swift */ = {isa = PBXFileReference; lastKnownFileType = sourcecode.swift; path = InfoDetailView.swift; sourceTree = "<group>"; };
		92E3C6E227E7AF0900951146 /* CustomNavBarContainer.swift */ = {isa = PBXFileReference; lastKnownFileType = sourcecode.swift; path = CustomNavBarContainer.swift; sourceTree = "<group>"; };
		92E3C6E527E7CDD300951146 /* PreferenceKeyBase.swift */ = {isa = PBXFileReference; lastKnownFileType = sourcecode.swift; path = PreferenceKeyBase.swift; sourceTree = "<group>"; };
		98143D782767814E00A51D6F /* Mulish-LightItalic.ttf */ = {isa = PBXFileReference; lastKnownFileType = file; path = "Mulish-LightItalic.ttf"; sourceTree = "<group>"; };
		98143D792767814E00A51D6F /* Mulish-ExtraBoldItalic.ttf */ = {isa = PBXFileReference; lastKnownFileType = file; path = "Mulish-ExtraBoldItalic.ttf"; sourceTree = "<group>"; };
		98143D7A2767814E00A51D6F /* Mulish-Italic.ttf */ = {isa = PBXFileReference; lastKnownFileType = file; path = "Mulish-Italic.ttf"; sourceTree = "<group>"; };
		98143D7B2767814E00A51D6F /* Mulish-Regular.ttf */ = {isa = PBXFileReference; lastKnownFileType = file; path = "Mulish-Regular.ttf"; sourceTree = "<group>"; };
		98143D7C2767814E00A51D6F /* Mulish-Black.ttf */ = {isa = PBXFileReference; lastKnownFileType = file; path = "Mulish-Black.ttf"; sourceTree = "<group>"; };
		98143D7D2767814E00A51D6F /* Mulish-BlackItalic.ttf */ = {isa = PBXFileReference; lastKnownFileType = file; path = "Mulish-BlackItalic.ttf"; sourceTree = "<group>"; };
		98143D7E2767814E00A51D6F /* Mulish-SemiBoldItalic.ttf */ = {isa = PBXFileReference; lastKnownFileType = file; path = "Mulish-SemiBoldItalic.ttf"; sourceTree = "<group>"; };
		98143D7F2767814E00A51D6F /* Mulish-ExtraLightItalic.ttf */ = {isa = PBXFileReference; lastKnownFileType = file; path = "Mulish-ExtraLightItalic.ttf"; sourceTree = "<group>"; };
		98143D802767814E00A51D6F /* Mulish-Bold.ttf */ = {isa = PBXFileReference; lastKnownFileType = file; path = "Mulish-Bold.ttf"; sourceTree = "<group>"; };
		98143D812767814E00A51D6F /* OFL.txt */ = {isa = PBXFileReference; fileEncoding = 4; lastKnownFileType = text; path = OFL.txt; sourceTree = "<group>"; };
		98143D822767814E00A51D6F /* README.txt */ = {isa = PBXFileReference; fileEncoding = 4; lastKnownFileType = text; path = README.txt; sourceTree = "<group>"; };
		98143D832767814E00A51D6F /* Mulish-Light.ttf */ = {isa = PBXFileReference; lastKnownFileType = file; path = "Mulish-Light.ttf"; sourceTree = "<group>"; };
		98143D842767814E00A51D6F /* Mulish-Italic-VariableFont_wght.ttf */ = {isa = PBXFileReference; lastKnownFileType = file; path = "Mulish-Italic-VariableFont_wght.ttf"; sourceTree = "<group>"; };
		98143D852767814E00A51D6F /* Mulish-ExtraBold.ttf */ = {isa = PBXFileReference; lastKnownFileType = file; path = "Mulish-ExtraBold.ttf"; sourceTree = "<group>"; };
		98143D862767814E00A51D6F /* Mulish-ExtraLight.ttf */ = {isa = PBXFileReference; lastKnownFileType = file; path = "Mulish-ExtraLight.ttf"; sourceTree = "<group>"; };
		98143D872767814E00A51D6F /* Mulish-VariableFont_wght.ttf */ = {isa = PBXFileReference; lastKnownFileType = file; path = "Mulish-VariableFont_wght.ttf"; sourceTree = "<group>"; };
		98143D882767814E00A51D6F /* Mulish-Medium.ttf */ = {isa = PBXFileReference; lastKnownFileType = file; path = "Mulish-Medium.ttf"; sourceTree = "<group>"; };
		98143D892767814E00A51D6F /* Mulish-MediumItalic.ttf */ = {isa = PBXFileReference; lastKnownFileType = file; path = "Mulish-MediumItalic.ttf"; sourceTree = "<group>"; };
		98143D8A2767814E00A51D6F /* Mulish-SemiBold.ttf */ = {isa = PBXFileReference; lastKnownFileType = file; path = "Mulish-SemiBold.ttf"; sourceTree = "<group>"; };
		98143D8B2767814E00A51D6F /* Mulish-BoldItalic.ttf */ = {isa = PBXFileReference; lastKnownFileType = file; path = "Mulish-BoldItalic.ttf"; sourceTree = "<group>"; };
		9834C3962691DA230037EC8F /* EmailService.swift */ = {isa = PBXFileReference; lastKnownFileType = sourcecode.swift; path = EmailService.swift; sourceTree = "<group>"; };
		98448A6628762DF300AB7C8A /* SupportView.swift */ = {isa = PBXFileReference; lastKnownFileType = sourcecode.swift; path = SupportView.swift; sourceTree = "<group>"; };
		98448A69287633D600AB7C8A /* CollapsibleView.swift */ = {isa = PBXFileReference; lastKnownFileType = sourcecode.swift; path = CollapsibleView.swift; sourceTree = "<group>"; };
		98576D0C2691CDA700C307FA /* DonateView.swift */ = {isa = PBXFileReference; lastKnownFileType = sourcecode.swift; path = DonateView.swift; sourceTree = "<group>"; };
		98598323268C4C8B007678E8 /* Font+Extension.swift */ = {isa = PBXFileReference; lastKnownFileType = sourcecode.swift; path = "Font+Extension.swift"; sourceTree = "<group>"; };
		98619F652694377700E4275E /* BankAccountView.swift */ = {isa = PBXFileReference; lastKnownFileType = sourcecode.swift; path = BankAccountView.swift; sourceTree = "<group>"; };
		98880FB326887E6200D94852 /* WhoAreWeView.swift */ = {isa = PBXFileReference; lastKnownFileType = sourcecode.swift; path = WhoAreWeView.swift; sourceTree = "<group>"; };
		98880FB626887F0400D94852 /* SocialMediaButton.swift */ = {isa = PBXFileReference; lastKnownFileType = sourcecode.swift; path = SocialMediaButton.swift; sourceTree = "<group>"; };
		98880FB926887F6500D94852 /* WhoAreWeButton.swift */ = {isa = PBXFileReference; lastKnownFileType = sourcecode.swift; path = WhoAreWeButton.swift; sourceTree = "<group>"; };
		98AD7F2B2770F22C009F04A6 /* OpenWebsite.swift */ = {isa = PBXFileReference; lastKnownFileType = sourcecode.swift; path = OpenWebsite.swift; sourceTree = "<group>"; };
		A508DCB52683733200336A18 /* ExampleService.swift */ = {isa = PBXFileReference; lastKnownFileType = sourcecode.swift; path = ExampleService.swift; sourceTree = "<group>"; };
		A508DCC3268373B500336A18 /* ExampleAPI.swift */ = {isa = PBXFileReference; lastKnownFileType = sourcecode.swift; path = ExampleAPI.swift; sourceTree = "<group>"; };
		A508DCCB2683745800336A18 /* ExampleEnvironment.swift */ = {isa = PBXFileReference; lastKnownFileType = sourcecode.swift; path = ExampleEnvironment.swift; sourceTree = "<group>"; };
		A50CB05A26DCE00400259E05 /* CertificateView.swift */ = {isa = PBXFileReference; lastKnownFileType = sourcecode.swift; path = CertificateView.swift; sourceTree = "<group>"; };
		A50CB05C26DCE9F700259E05 /* CertificateViewModel.swift */ = {isa = PBXFileReference; lastKnownFileType = sourcecode.swift; path = CertificateViewModel.swift; sourceTree = "<group>"; };
		A51422032668C66B00C047D5 /* tr */ = {isa = PBXFileReference; lastKnownFileType = text.plist.strings; name = tr; path = tr.lproj/LaunchScreen.strings; sourceTree = "<group>"; };
		A514220D2668C68E00C047D5 /* en */ = {isa = PBXFileReference; lastKnownFileType = text.plist.strings; name = en; path = en.lproj/Localizable.strings; sourceTree = "<group>"; };
		A51422122668C69600C047D5 /* tr */ = {isa = PBXFileReference; lastKnownFileType = text.plist.strings; name = tr; path = tr.lproj/Localizable.strings; sourceTree = "<group>"; };
		A518C60D2673654700CD964D /* Development.xcconfig */ = {isa = PBXFileReference; lastKnownFileType = text.xcconfig; path = Development.xcconfig; sourceTree = "<group>"; };
		A518C60E2673655500CD964D /* Production.xcconfig */ = {isa = PBXFileReference; lastKnownFileType = text.xcconfig; path = Production.xcconfig; sourceTree = "<group>"; };
		A518C60F2673655B00CD964D /* Configuration.swift */ = {isa = PBXFileReference; fileEncoding = 4; lastKnownFileType = sourcecode.swift; path = Configuration.swift; sourceTree = "<group>"; };
		A518D6F626FA1B5E0084D8CC /* LottieView.swift */ = {isa = PBXFileReference; lastKnownFileType = sourcecode.swift; path = LottieView.swift; sourceTree = "<group>"; };
		A518D6FA26FA1BE00084D8CC /* LottieRabbit.swift */ = {isa = PBXFileReference; lastKnownFileType = sourcecode.swift; path = LottieRabbit.swift; sourceTree = "<group>"; };
		A518D6FC26FA1BF10084D8CC /* rabbit.json */ = {isa = PBXFileReference; fileEncoding = 4; lastKnownFileType = text.json; path = rabbit.json; sourceTree = "<group>"; };
		A518D70026FA25600084D8CC /* noData.json */ = {isa = PBXFileReference; fileEncoding = 4; lastKnownFileType = text.json; path = noData.json; sourceTree = "<group>"; };
		A518D70226FA25800084D8CC /* LottieNoData.swift */ = {isa = PBXFileReference; lastKnownFileType = sourcecode.swift; path = LottieNoData.swift; sourceTree = "<group>"; };
		A518D70526FA259C0084D8CC /* LottieEmpty.swift */ = {isa = PBXFileReference; lastKnownFileType = sourcecode.swift; path = LottieEmpty.swift; sourceTree = "<group>"; };
		A518D70726FA25A40084D8CC /* empty.json */ = {isa = PBXFileReference; fileEncoding = 4; lastKnownFileType = text.json; path = empty.json; sourceTree = "<group>"; };
		A51C45A82660CD51003CCC58 /* DashboardTabView.swift */ = {isa = PBXFileReference; lastKnownFileType = sourcecode.swift; path = DashboardTabView.swift; sourceTree = "<group>"; };
		A51C45B12660D615003CCC58 /* FirstView.swift */ = {isa = PBXFileReference; lastKnownFileType = sourcecode.swift; path = FirstView.swift; sourceTree = "<group>"; };
		A51C45B62660DAF0003CCC58 /* FirstViewModel.swift */ = {isa = PBXFileReference; lastKnownFileType = sourcecode.swift; path = FirstViewModel.swift; sourceTree = "<group>"; };
		A51C45BB2660DB4F003CCC58 /* FirstDependencyContainer.swift */ = {isa = PBXFileReference; lastKnownFileType = sourcecode.swift; path = FirstDependencyContainer.swift; sourceTree = "<group>"; };
		A51C45C02660DD23003CCC58 /* FirstContainerView.swift */ = {isa = PBXFileReference; lastKnownFileType = sourcecode.swift; path = FirstContainerView.swift; sourceTree = "<group>"; };
		A5222798267CD81600004C1F /* MainTabView.swift */ = {isa = PBXFileReference; lastKnownFileType = sourcecode.swift; path = MainTabView.swift; sourceTree = "<group>"; };
		A52227A4267CDB0500004C1F /* DiscoverView.swift */ = {isa = PBXFileReference; lastKnownFileType = sourcecode.swift; path = DiscoverView.swift; sourceTree = "<group>"; };
		A52227B2267CDD6B00004C1F /* CustomNavBar.swift */ = {isa = PBXFileReference; fileEncoding = 4; lastKnownFileType = sourcecode.swift; path = CustomNavBar.swift; sourceTree = "<group>"; };
		A52227B7267CE41D00004C1F /* DiscoverDependencyContainer.swift */ = {isa = PBXFileReference; lastKnownFileType = sourcecode.swift; path = DiscoverDependencyContainer.swift; sourceTree = "<group>"; };
		A52227BD267CE50500004C1F /* CategoryAPI.swift */ = {isa = PBXFileReference; lastKnownFileType = sourcecode.swift; path = CategoryAPI.swift; sourceTree = "<group>"; };
		A52227C6267CE5D700004C1F /* CategoryDummy.swift */ = {isa = PBXFileReference; lastKnownFileType = sourcecode.swift; path = CategoryDummy.swift; sourceTree = "<group>"; };
		A52227CB267CE64A00004C1F /* FakeCategoryService.swift */ = {isa = PBXFileReference; lastKnownFileType = sourcecode.swift; path = FakeCategoryService.swift; sourceTree = "<group>"; };
		A52227D4267CE79700004C1F /* CategoryListViewModel.swift */ = {isa = PBXFileReference; lastKnownFileType = sourcecode.swift; path = CategoryListViewModel.swift; sourceTree = "<group>"; };
		A52227E4267CEB3800004C1F /* CategoryListView.swift */ = {isa = PBXFileReference; lastKnownFileType = sourcecode.swift; path = CategoryListView.swift; sourceTree = "<group>"; };
		A52227ED267CEE3200004C1F /* InstanceTracker.swift */ = {isa = PBXFileReference; fileEncoding = 4; lastKnownFileType = sourcecode.swift; path = InstanceTracker.swift; sourceTree = "<group>"; };
		A52227F2267CEFE300004C1F /* Array+Extension.swift */ = {isa = PBXFileReference; fileEncoding = 4; lastKnownFileType = sourcecode.swift; path = "Array+Extension.swift"; sourceTree = "<group>"; };
		A539B6892756D027002FE847 /* BrandService.swift */ = {isa = PBXFileReference; lastKnownFileType = sourcecode.swift; path = BrandService.swift; sourceTree = "<group>"; };
		A539B68C2756D5F3002FE847 /* Brand.swift */ = {isa = PBXFileReference; lastKnownFileType = sourcecode.swift; path = Brand.swift; sourceTree = "<group>"; };
		A539B68E2756D647002FE847 /* BaseResponse.swift */ = {isa = PBXFileReference; lastKnownFileType = sourcecode.swift; path = BaseResponse.swift; sourceTree = "<group>"; };
		A539B6902756D66F002FE847 /* SearchBrandByCategoryPayload.swift */ = {isa = PBXFileReference; lastKnownFileType = sourcecode.swift; path = SearchBrandByCategoryPayload.swift; sourceTree = "<group>"; };
		A53F552D265EECFA0005AB1C /* FakeAuthService.swift */ = {isa = PBXFileReference; lastKnownFileType = sourcecode.swift; path = FakeAuthService.swift; sourceTree = "<group>"; };
		A542AC69268FBB8000B725BE /* ActivityIndicator.swift */ = {isa = PBXFileReference; lastKnownFileType = sourcecode.swift; path = ActivityIndicator.swift; sourceTree = "<group>"; };
		A54DBBA0269D8AF00096BBAF /* BrandDetailView.swift */ = {isa = PBXFileReference; lastKnownFileType = sourcecode.swift; path = BrandDetailView.swift; sourceTree = "<group>"; };
		A54DBBA2269D8AF80096BBAF /* BrandDetailViewModel.swift */ = {isa = PBXFileReference; lastKnownFileType = sourcecode.swift; path = BrandDetailViewModel.swift; sourceTree = "<group>"; };
		A54DBBA5269D8B3E0096BBAF /* BaseViewModel.swift */ = {isa = PBXFileReference; lastKnownFileType = sourcecode.swift; path = BaseViewModel.swift; sourceTree = "<group>"; };
		A54ED83326CADC3500B4062D /* CustomErrorAlert.swift */ = {isa = PBXFileReference; lastKnownFileType = sourcecode.swift; path = CustomErrorAlert.swift; sourceTree = "<group>"; };
		A54ED83526CAEA6A00B4062D /* PointDetailAlert.swift */ = {isa = PBXFileReference; lastKnownFileType = sourcecode.swift; path = PointDetailAlert.swift; sourceTree = "<group>"; };
		A54ED83726CAED8E00B4062D /* BrandPointDetailUIModel.swift */ = {isa = PBXFileReference; lastKnownFileType = sourcecode.swift; path = BrandPointDetailUIModel.swift; sourceTree = "<group>"; };
		A562BCF5265EE66400BBC6A9 /* AppEnvironment.swift */ = {isa = PBXFileReference; lastKnownFileType = sourcecode.swift; path = AppEnvironment.swift; sourceTree = "<group>"; };
		A562BD00265EE7B800BBC6A9 /* Request.swift */ = {isa = PBXFileReference; lastKnownFileType = sourcecode.swift; path = Request.swift; sourceTree = "<group>"; };
		A562BD0F265EE90A00BBC6A9 /* AuthAPI.swift */ = {isa = PBXFileReference; lastKnownFileType = sourcecode.swift; path = AuthAPI.swift; sourceTree = "<group>"; };
		A5829267268CA30B00429A0E /* CategoryDetailView.swift */ = {isa = PBXFileReference; lastKnownFileType = sourcecode.swift; path = CategoryDetailView.swift; sourceTree = "<group>"; };
		A59ED96B26F1B74200E71E7C /* InfoView.swift */ = {isa = PBXFileReference; lastKnownFileType = sourcecode.swift; lineEnding = 0; path = InfoView.swift; sourceTree = "<group>"; };
		A5A6EA812667CA40008C8B2F /* FacebookAuthService.swift */ = {isa = PBXFileReference; lastKnownFileType = sourcecode.swift; path = FacebookAuthService.swift; sourceTree = "<group>"; };
		A5A6EA8B2667CF64008C8B2F /* RawRepresentable+Extension.swift */ = {isa = PBXFileReference; lastKnownFileType = sourcecode.swift; path = "RawRepresentable+Extension.swift"; sourceTree = "<group>"; };
		A5B2F951275FE8B900826518 /* LottieLoading.swift */ = {isa = PBXFileReference; lastKnownFileType = sourcecode.swift; path = LottieLoading.swift; sourceTree = "<group>"; };
		A5B2F955275FE99200826518 /* loading-lottie.json */ = {isa = PBXFileReference; fileEncoding = 4; lastKnownFileType = text.json; path = "loading-lottie.json"; sourceTree = "<group>"; };
		A5B2F957275FED4C00826518 /* OrderPopUp.swift */ = {isa = PBXFileReference; lastKnownFileType = sourcecode.swift; path = OrderPopUp.swift; sourceTree = "<group>"; };
		A5BAE691269EB0F6002DFFBD /* FixedImage.swift */ = {isa = PBXFileReference; lastKnownFileType = sourcecode.swift; path = FixedImage.swift; sourceTree = "<group>"; };
		A5C7114D278DBECD000F803C /* UINavigationController+Extension.swift */ = {isa = PBXFileReference; lastKnownFileType = sourcecode.swift; path = "UINavigationController+Extension.swift"; sourceTree = "<group>"; };
		A5C96C0D277B0AC0005976B5 /* ScrollRefreshable.swift */ = {isa = PBXFileReference; fileEncoding = 4; lastKnownFileType = sourcecode.swift; path = ScrollRefreshable.swift; sourceTree = "<group>"; };
		A5CC7D23265D8D4F00DD3AA7 /* Deneysiz.app */ = {isa = PBXFileReference; explicitFileType = wrapper.application; includeInIndex = 0; path = Deneysiz.app; sourceTree = BUILT_PRODUCTS_DIR; };
		A5CC7D26265D8D4F00DD3AA7 /* AppDelegate.swift */ = {isa = PBXFileReference; lastKnownFileType = sourcecode.swift; path = AppDelegate.swift; sourceTree = "<group>"; };
		A5CC7D28265D8D4F00DD3AA7 /* SceneDelegate.swift */ = {isa = PBXFileReference; lastKnownFileType = sourcecode.swift; path = SceneDelegate.swift; sourceTree = "<group>"; };
		A5CC7D2C265D8D5000DD3AA7 /* Assets.xcassets */ = {isa = PBXFileReference; lastKnownFileType = folder.assetcatalog; path = Assets.xcassets; sourceTree = "<group>"; };
		A5CC7D2F265D8D5000DD3AA7 /* Preview Assets.xcassets */ = {isa = PBXFileReference; lastKnownFileType = folder.assetcatalog; path = "Preview Assets.xcassets"; sourceTree = "<group>"; };
		A5CC7D32265D8D5000DD3AA7 /* Base */ = {isa = PBXFileReference; lastKnownFileType = file.storyboard; name = Base; path = Base.lproj/LaunchScreen.storyboard; sourceTree = "<group>"; };
		A5CC7D34265D8D5000DD3AA7 /* Info.plist */ = {isa = PBXFileReference; lastKnownFileType = text.plist.xml; path = Info.plist; sourceTree = "<group>"; };
		A5CC7D39265D8D5000DD3AA7 /* DeneysizTests.xctest */ = {isa = PBXFileReference; explicitFileType = wrapper.cfbundle; includeInIndex = 0; path = DeneysizTests.xctest; sourceTree = BUILT_PRODUCTS_DIR; };
		A5CC7D3D265D8D5000DD3AA7 /* DeneysizTests.swift */ = {isa = PBXFileReference; lastKnownFileType = sourcecode.swift; path = DeneysizTests.swift; sourceTree = "<group>"; };
		A5CC7D3F265D8D5000DD3AA7 /* Info.plist */ = {isa = PBXFileReference; lastKnownFileType = text.plist.xml; path = Info.plist; sourceTree = "<group>"; };
		A5CC7D44265D8D5000DD3AA7 /* DeneysizUITests.xctest */ = {isa = PBXFileReference; explicitFileType = wrapper.cfbundle; includeInIndex = 0; path = DeneysizUITests.xctest; sourceTree = BUILT_PRODUCTS_DIR; };
		A5CC7D48265D8D5000DD3AA7 /* DeneysizUITests.swift */ = {isa = PBXFileReference; lastKnownFileType = sourcecode.swift; path = DeneysizUITests.swift; sourceTree = "<group>"; };
		A5CC7D4A265D8D5000DD3AA7 /* Info.plist */ = {isa = PBXFileReference; lastKnownFileType = text.plist.xml; path = Info.plist; sourceTree = "<group>"; };
		A5CC7D74265D983400DD3AA7 /* BaseServiceProtocol.swift */ = {isa = PBXFileReference; lastKnownFileType = sourcecode.swift; path = BaseServiceProtocol.swift; sourceTree = "<group>"; };
		A5CC7D7F265D9DDE00DD3AA7 /* EnvironmentProtocol.swift */ = {isa = PBXFileReference; fileEncoding = 4; lastKnownFileType = sourcecode.swift; path = EnvironmentProtocol.swift; sourceTree = "<group>"; };
		A5CC7D8E265DA18800DD3AA7 /* HTTPMethod.swift */ = {isa = PBXFileReference; lastKnownFileType = sourcecode.swift; path = HTTPMethod.swift; sourceTree = "<group>"; };
		A5CC7D93265DA1BA00DD3AA7 /* APIError.swift */ = {isa = PBXFileReference; fileEncoding = 4; lastKnownFileType = sourcecode.swift; path = APIError.swift; sourceTree = "<group>"; };
		A5CC7DB4265DA73D00DD3AA7 /* URLSessionAgent.swift */ = {isa = PBXFileReference; fileEncoding = 4; lastKnownFileType = sourcecode.swift; path = URLSessionAgent.swift; sourceTree = "<group>"; };
		A5CC7DBC265DA93C00DD3AA7 /* RequestBuilder.swift */ = {isa = PBXFileReference; lastKnownFileType = sourcecode.swift; path = RequestBuilder.swift; sourceTree = "<group>"; };
		A5CC7DC2265DAA9D00DD3AA7 /* AuthService.swift */ = {isa = PBXFileReference; lastKnownFileType = sourcecode.swift; path = AuthService.swift; sourceTree = "<group>"; };
		A5FBCF00268D811700921791 /* BrandDummy.swift */ = {isa = PBXFileReference; lastKnownFileType = sourcecode.swift; path = BrandDummy.swift; sourceTree = "<group>"; };
		A5FBCF02268D8A4000921791 /* CategoryDetailViewModel.swift */ = {isa = PBXFileReference; lastKnownFileType = sourcecode.swift; path = CategoryDetailViewModel.swift; sourceTree = "<group>"; };
		A5FBCF04268D8AAD00921791 /* BrandAPI.swift */ = {isa = PBXFileReference; lastKnownFileType = sourcecode.swift; path = BrandAPI.swift; sourceTree = "<group>"; };
		A5FBCF06268D8B0500921791 /* FakeBrandService.swift */ = {isa = PBXFileReference; lastKnownFileType = sourcecode.swift; path = FakeBrandService.swift; sourceTree = "<group>"; };
		A5FBCF08268D8D8B00921791 /* PopUpHelper.swift */ = {isa = PBXFileReference; fileEncoding = 4; lastKnownFileType = sourcecode.swift; path = PopUpHelper.swift; sourceTree = "<group>"; };
		A5FBCF0C268D910F00921791 /* Logger.swift */ = {isa = PBXFileReference; lastKnownFileType = sourcecode.swift; path = Logger.swift; sourceTree = "<group>"; };
		A5FBCF0E268DA1C000921791 /* View+Extension.swift */ = {isa = PBXFileReference; fileEncoding = 4; lastKnownFileType = sourcecode.swift; path = "View+Extension.swift"; sourceTree = "<group>"; };
		A5FC0A952694861800F0FAD6 /* Color+Extension.swift */ = {isa = PBXFileReference; lastKnownFileType = sourcecode.swift; path = "Color+Extension.swift"; sourceTree = "<group>"; };
		A5FC0A9A2694F5DE00F0FAD6 /* BrandListView.swift */ = {isa = PBXFileReference; lastKnownFileType = sourcecode.swift; path = BrandListView.swift; sourceTree = "<group>"; };
/* End PBXFileReference section */

/* Begin PBXFrameworksBuildPhase section */
		A5CC7D20265D8D4F00DD3AA7 /* Frameworks */ = {
			isa = PBXFrameworksBuildPhase;
			buildActionMask = 2147483647;
			files = (
				A518D6F426FA1B3C0084D8CC /* Lottie in Frameworks */,
			);
			runOnlyForDeploymentPostprocessing = 0;
		};
		A5CC7D36265D8D5000DD3AA7 /* Frameworks */ = {
			isa = PBXFrameworksBuildPhase;
			buildActionMask = 2147483647;
			files = (
			);
			runOnlyForDeploymentPostprocessing = 0;
		};
		A5CC7D41265D8D5000DD3AA7 /* Frameworks */ = {
			isa = PBXFrameworksBuildPhase;
			buildActionMask = 2147483647;
			files = (
			);
			runOnlyForDeploymentPostprocessing = 0;
		};
/* End PBXFrameworksBuildPhase section */

/* Begin PBXGroup section */
		92E3C6E427E7CDC200951146 /* PreferenceKey */ = {
			isa = PBXGroup;
			children = (
				92E3C6E527E7CDD300951146 /* PreferenceKeyBase.swift */,
			);
			path = PreferenceKey;
			sourceTree = "<group>";
		};
		98143D772767814E00A51D6F /* Mulish */ = {
			isa = PBXGroup;
			children = (
				98143D782767814E00A51D6F /* Mulish-LightItalic.ttf */,
				98143D792767814E00A51D6F /* Mulish-ExtraBoldItalic.ttf */,
				98143D7A2767814E00A51D6F /* Mulish-Italic.ttf */,
				98143D7B2767814E00A51D6F /* Mulish-Regular.ttf */,
				98143D7C2767814E00A51D6F /* Mulish-Black.ttf */,
				98143D7D2767814E00A51D6F /* Mulish-BlackItalic.ttf */,
				98143D7E2767814E00A51D6F /* Mulish-SemiBoldItalic.ttf */,
				98143D7F2767814E00A51D6F /* Mulish-ExtraLightItalic.ttf */,
				98143D802767814E00A51D6F /* Mulish-Bold.ttf */,
				98143D812767814E00A51D6F /* OFL.txt */,
				98143D822767814E00A51D6F /* README.txt */,
				98143D832767814E00A51D6F /* Mulish-Light.ttf */,
				98143D842767814E00A51D6F /* Mulish-Italic-VariableFont_wght.ttf */,
				98143D852767814E00A51D6F /* Mulish-ExtraBold.ttf */,
				98143D862767814E00A51D6F /* Mulish-ExtraLight.ttf */,
				98143D872767814E00A51D6F /* Mulish-VariableFont_wght.ttf */,
				98143D882767814E00A51D6F /* Mulish-Medium.ttf */,
				98143D892767814E00A51D6F /* Mulish-MediumItalic.ttf */,
				98143D8A2767814E00A51D6F /* Mulish-SemiBold.ttf */,
				98143D8B2767814E00A51D6F /* Mulish-BoldItalic.ttf */,
			);
			path = Mulish;
			sourceTree = "<group>";
		};
		98448A6528762DDB00AB7C8A /* SupportView */ = {
			isa = PBXGroup;
			children = (
				98448A68287633BD00AB7C8A /* CustomView */,
				98448A6628762DF300AB7C8A /* SupportView.swift */,
			);
			path = SupportView;
			sourceTree = "<group>";
		};
		98448A68287633BD00AB7C8A /* CustomView */ = {
			isa = PBXGroup;
			children = (
				98448A69287633D600AB7C8A /* CollapsibleView.swift */,
			);
			path = CustomView;
			sourceTree = "<group>";
		};
		98619F632694375A00E4275E /* DonateView */ = {
			isa = PBXGroup;
			children = (
				98619F642694376600E4275E /* CustomViews */,
				98576D0C2691CDA700C307FA /* DonateView.swift */,
			);
			path = DonateView;
			sourceTree = "<group>";
		};
		98619F642694376600E4275E /* CustomViews */ = {
			isa = PBXGroup;
			children = (
				98619F652694377700E4275E /* BankAccountView.swift */,
			);
			path = CustomViews;
			sourceTree = "<group>";
		};
		98880FB226887E4400D94852 /* WhoAreWe */ = {
			isa = PBXGroup;
			children = (
				98448A6528762DDB00AB7C8A /* SupportView */,
				98619F632694375A00E4275E /* DonateView */,
				98880FB326887E6200D94852 /* WhoAreWeView.swift */,
				98880FB526887EE900D94852 /* CustomViews */,
			);
			path = WhoAreWe;
			sourceTree = "<group>";
		};
		98880FB526887EE900D94852 /* CustomViews */ = {
			isa = PBXGroup;
			children = (
				98880FB626887F0400D94852 /* SocialMediaButton.swift */,
				98880FB926887F6500D94852 /* WhoAreWeButton.swift */,
			);
			path = CustomViews;
			sourceTree = "<group>";
		};
		A50CB05926DCDFF300259E05 /* Certificate */ = {
			isa = PBXGroup;
			children = (
				A50CB05A26DCE00400259E05 /* CertificateView.swift */,
				A50CB05C26DCE9F700259E05 /* CertificateViewModel.swift */,
			);
			path = Certificate;
			sourceTree = "<group>";
		};
		A518C60C2673653500CD964D /* Configs */ = {
			isa = PBXGroup;
			children = (
				A518C60F2673655B00CD964D /* Configuration.swift */,
				A518C60D2673654700CD964D /* Development.xcconfig */,
				A518C60E2673655500CD964D /* Production.xcconfig */,
			);
			path = Configs;
			sourceTree = "<group>";
		};
		A518D6F526FA1B4A0084D8CC /* Lottie */ = {
			isa = PBXGroup;
			children = (
				A518D6F626FA1B5E0084D8CC /* LottieView.swift */,
				A5B2F94E275FE89C00826518 /* Loading */,
				A518D6FE26FA23DD0084D8CC /* Rabbit */,
				A518D6FF26FA25530084D8CC /* NoData */,
				A518D70426FA258C0084D8CC /* Empty */,
			);
			path = Lottie;
			sourceTree = "<group>";
		};
		A518D6FE26FA23DD0084D8CC /* Rabbit */ = {
			isa = PBXGroup;
			children = (
				A518D6FC26FA1BF10084D8CC /* rabbit.json */,
				A518D6FA26FA1BE00084D8CC /* LottieRabbit.swift */,
			);
			path = Rabbit;
			sourceTree = "<group>";
		};
		A518D6FF26FA25530084D8CC /* NoData */ = {
			isa = PBXGroup;
			children = (
				A518D70026FA25600084D8CC /* noData.json */,
				A518D70226FA25800084D8CC /* LottieNoData.swift */,
			);
			path = NoData;
			sourceTree = "<group>";
		};
		A518D70426FA258C0084D8CC /* Empty */ = {
			isa = PBXGroup;
			children = (
				A518D70726FA25A40084D8CC /* empty.json */,
				A518D70526FA259C0084D8CC /* LottieEmpty.swift */,
			);
			path = Empty;
			sourceTree = "<group>";
		};
		A51C45A62660CC71003CCC58 /* ExampleScenes */ = {
			isa = PBXGroup;
			children = (
				A51C45A72660CC7E003CCC58 /* Tabbar */,
			);
			path = ExampleScenes;
			sourceTree = "<group>";
		};
		A51C45A72660CC7E003CCC58 /* Tabbar */ = {
			isa = PBXGroup;
			children = (
				A51C45B02660D601003CCC58 /* First */,
				A51C45A82660CD51003CCC58 /* DashboardTabView.swift */,
			);
			path = Tabbar;
			sourceTree = "<group>";
		};
		A51C45B02660D601003CCC58 /* First */ = {
			isa = PBXGroup;
			children = (
				A51C45C02660DD23003CCC58 /* FirstContainerView.swift */,
				A51C45B12660D615003CCC58 /* FirstView.swift */,
				A51C45B62660DAF0003CCC58 /* FirstViewModel.swift */,
				A51C45BB2660DB4F003CCC58 /* FirstDependencyContainer.swift */,
			);
			path = First;
			sourceTree = "<group>";
		};
		A5222797267CD7BB00004C1F /* Tab */ = {
			isa = PBXGroup;
			children = (
				A52227A3267CDAF200004C1F /* Discover */,
				A59ED96A26F1B70A00E71E7C /* Info */,
				A5222798267CD81600004C1F /* MainTabView.swift */,
			);
			path = Tab;
			sourceTree = "<group>";
		};
		A52227A3267CDAF200004C1F /* Discover */ = {
			isa = PBXGroup;
			children = (
				A52227D3267CE78700004C1F /* CategoryList */,
				A52227A4267CDB0500004C1F /* DiscoverView.swift */,
				A52227B7267CE41D00004C1F /* DiscoverDependencyContainer.swift */,
			);
			path = Discover;
			sourceTree = "<group>";
		};
		A52227B1267CDD6000004C1F /* Common */ = {
			isa = PBXGroup;
			children = (
				92E3C6E427E7CDC200951146 /* PreferenceKey */,
				A50CB05926DCDFF300259E05 /* Certificate */,
				A518D6F526FA1B4A0084D8CC /* Lottie */,
				98880FB226887E4400D94852 /* WhoAreWe */,
				A52227B2267CDD6B00004C1F /* CustomNavBar.swift */,
				92E3C6E227E7AF0900951146 /* CustomNavBarContainer.swift */,
				A5FBCF08268D8D8B00921791 /* PopUpHelper.swift */,
				A5C96C0D277B0AC0005976B5 /* ScrollRefreshable.swift */,
				A542AC69268FBB8000B725BE /* ActivityIndicator.swift */,
				A5BAE691269EB0F6002DFFBD /* FixedImage.swift */,
				A54ED83326CADC3500B4062D /* CustomErrorAlert.swift */,
				A54ED83526CAEA6A00B4062D /* PointDetailAlert.swift */,
				A5B2F957275FED4C00826518 /* OrderPopUp.swift */,
			);
			path = Common;
			sourceTree = "<group>";
		};
		A52227BC267CE4F400004C1F /* Category */ = {
			isa = PBXGroup;
			children = (
				A52227BD267CE50500004C1F /* CategoryAPI.swift */,
				A52227CB267CE64A00004C1F /* FakeCategoryService.swift */,
				A52227C6267CE5D700004C1F /* CategoryDummy.swift */,
			);
			path = Category;
			sourceTree = "<group>";
		};
		A52227D3267CE78700004C1F /* CategoryList */ = {
			isa = PBXGroup;
			children = (
				A5829266268CA2FF00429A0E /* Detail */,
				A52227D4267CE79700004C1F /* CategoryListViewModel.swift */,
				A52227E4267CEB3800004C1F /* CategoryListView.swift */,
			);
			path = CategoryList;
			sourceTree = "<group>";
		};
		A52227E9267CED8C00004C1F /* Helper */ = {
			isa = PBXGroup;
			children = (
				A52227ED267CEE3200004C1F /* InstanceTracker.swift */,
				A5FBCF0C268D910F00921791 /* Logger.swift */,
				9834C3962691DA230037EC8F /* EmailService.swift */,
				98AD7F2B2770F22C009F04A6 /* OpenWebsite.swift */,
			);
			path = Helper;
			sourceTree = "<group>";
		};
		A539B68B2756D5E2002FE847 /* Model */ = {
			isa = PBXGroup;
			children = (
				A539B68C2756D5F3002FE847 /* Brand.swift */,
				9212E777275C03BB000E9902 /* BrandDetail.swift */,
				9212E775275C03A5000E9902 /* BrandDetailPayload.swift */,
				A539B6902756D66F002FE847 /* SearchBrandByCategoryPayload.swift */,
			);
			path = Model;
			sourceTree = "<group>";
		};
		A54DBB9F269D8AE40096BBAF /* Detail */ = {
			isa = PBXGroup;
			children = (
				A54DBBA0269D8AF00096BBAF /* BrandDetailView.swift */,
				A54DBBA2269D8AF80096BBAF /* BrandDetailViewModel.swift */,
			);
			path = Detail;
			sourceTree = "<group>";
		};
		A54DBBA4269D8B320096BBAF /* Base */ = {
			isa = PBXGroup;
			children = (
				A54DBBA5269D8B3E0096BBAF /* BaseViewModel.swift */,
			);
			path = Base;
			sourceTree = "<group>";
		};
		A562BCF4265EE65200BBC6A9 /* Environment */ = {
			isa = PBXGroup;
			children = (
				A5CC7D7F265D9DDE00DD3AA7 /* EnvironmentProtocol.swift */,
				A562BCF5265EE66400BBC6A9 /* AppEnvironment.swift */,
				A508DCCB2683745800336A18 /* ExampleEnvironment.swift */,
			);
			path = Environment;
			sourceTree = "<group>";
		};
		A562BD0E265EE8F400BBC6A9 /* Auth */ = {
			isa = PBXGroup;
			children = (
				A562BD0F265EE90A00BBC6A9 /* AuthAPI.swift */,
				A5CC7DC2265DAA9D00DD3AA7 /* AuthService.swift */,
				A5A6EA812667CA40008C8B2F /* FacebookAuthService.swift */,
				A53F552D265EECFA0005AB1C /* FakeAuthService.swift */,
			);
			path = Auth;
			sourceTree = "<group>";
		};
		A56839EA2660E18900718E9F /* ExampleWebServices */ = {
			isa = PBXGroup;
			children = (
				A59ACB0D268372A8004494A8 /* Example */,
				A562BD0E265EE8F400BBC6A9 /* Auth */,
			);
			path = ExampleWebServices;
			sourceTree = "<group>";
		};
		A5829266268CA2FF00429A0E /* Detail */ = {
			isa = PBXGroup;
			children = (
				A5FC0A992694F5CF00F0FAD6 /* BrandList */,
				A5829267268CA30B00429A0E /* CategoryDetailView.swift */,
				A5FBCF02268D8A4000921791 /* CategoryDetailViewModel.swift */,
			);
			path = Detail;
			sourceTree = "<group>";
		};
		A59ACB0D268372A8004494A8 /* Example */ = {
			isa = PBXGroup;
			children = (
				A508DCB52683733200336A18 /* ExampleService.swift */,
				A508DCC3268373B500336A18 /* ExampleAPI.swift */,
			);
			path = Example;
			sourceTree = "<group>";
		};
		A59ED96A26F1B70A00E71E7C /* Info */ = {
			isa = PBXGroup;
			children = (
				A59ED96B26F1B74200E71E7C /* InfoView.swift */,
				92A6F36D2870F5AC004F5C73 /* InfoDetailView.swift */,
			);
			path = Info;
			sourceTree = "<group>";
		};
		A5A6EA8A2667CF43008C8B2F /* Extension */ = {
			isa = PBXGroup;
			children = (
				A5FBCF0E268DA1C000921791 /* View+Extension.swift */,
				A52227F2267CEFE300004C1F /* Array+Extension.swift */,
				A5A6EA8B2667CF64008C8B2F /* RawRepresentable+Extension.swift */,
				98598323268C4C8B007678E8 /* Font+Extension.swift */,
				A5FC0A952694861800F0FAD6 /* Color+Extension.swift */,
				A5C7114D278DBECD000F803C /* UINavigationController+Extension.swift */,
			);
			path = Extension;
			sourceTree = "<group>";
		};
		A5B2F94E275FE89C00826518 /* Loading */ = {
			isa = PBXGroup;
			children = (
				A5B2F955275FE99200826518 /* loading-lottie.json */,
				A5B2F951275FE8B900826518 /* LottieLoading.swift */,
			);
			path = Loading;
			sourceTree = "<group>";
		};
		A5CC7D1A265D8D4F00DD3AA7 = {
			isa = PBXGroup;
			children = (
				A5CC7D25265D8D4F00DD3AA7 /* Deneysiz */,
				A5CC7D3C265D8D5000DD3AA7 /* DeneysizTests */,
				A5CC7D47265D8D5000DD3AA7 /* DeneysizUITests */,
				A5CC7D24265D8D4F00DD3AA7 /* Products */,
			);
			sourceTree = "<group>";
		};
		A5CC7D24265D8D4F00DD3AA7 /* Products */ = {
			isa = PBXGroup;
			children = (
				A5CC7D23265D8D4F00DD3AA7 /* Deneysiz.app */,
				A5CC7D39265D8D5000DD3AA7 /* DeneysizTests.xctest */,
				A5CC7D44265D8D5000DD3AA7 /* DeneysizUITests.xctest */,
			);
			name = Products;
			sourceTree = "<group>";
		};
		A5CC7D25265D8D4F00DD3AA7 /* Deneysiz */ = {
			isa = PBXGroup;
			children = (
				A5CC7D5F265D919800DD3AA7 /* Application */,
				A5CC7D6F265D97F600DD3AA7 /* Network */,
				A5CC7D61265D926D00DD3AA7 /* Resources */,
				A5CC7D60265D91C800DD3AA7 /* Scenes */,
				A52227E9267CED8C00004C1F /* Helper */,
				A5CC7D2E265D8D5000DD3AA7 /* Preview Content */,
				A5A6EA8A2667CF43008C8B2F /* Extension */,
			);
			path = Deneysiz;
			sourceTree = "<group>";
		};
		A5CC7D2E265D8D5000DD3AA7 /* Preview Content */ = {
			isa = PBXGroup;
			children = (
				A5CC7D2F265D8D5000DD3AA7 /* Preview Assets.xcassets */,
			);
			path = "Preview Content";
			sourceTree = "<group>";
		};
		A5CC7D3C265D8D5000DD3AA7 /* DeneysizTests */ = {
			isa = PBXGroup;
			children = (
				A5CC7D3D265D8D5000DD3AA7 /* DeneysizTests.swift */,
				A5CC7D3F265D8D5000DD3AA7 /* Info.plist */,
			);
			path = DeneysizTests;
			sourceTree = "<group>";
		};
		A5CC7D47265D8D5000DD3AA7 /* DeneysizUITests */ = {
			isa = PBXGroup;
			children = (
				A5CC7D48265D8D5000DD3AA7 /* DeneysizUITests.swift */,
				A5CC7D4A265D8D5000DD3AA7 /* Info.plist */,
			);
			path = DeneysizUITests;
			sourceTree = "<group>";
		};
		A5CC7D5F265D919800DD3AA7 /* Application */ = {
			isa = PBXGroup;
			children = (
				A5CC7D26265D8D4F00DD3AA7 /* AppDelegate.swift */,
				A5CC7D28265D8D4F00DD3AA7 /* SceneDelegate.swift */,
			);
			path = Application;
			sourceTree = "<group>";
		};
		A5CC7D60265D91C800DD3AA7 /* Scenes */ = {
			isa = PBXGroup;
			children = (
				A54DBBA4269D8B320096BBAF /* Base */,
				A52227B1267CDD6000004C1F /* Common */,
				A5222797267CD7BB00004C1F /* Tab */,
				A51C45A62660CC71003CCC58 /* ExampleScenes */,
				A5CC7D31265D8D5000DD3AA7 /* LaunchScreen.storyboard */,
			);
			path = Scenes;
			sourceTree = "<group>";
		};
		A5CC7D61265D926D00DD3AA7 /* Resources */ = {
			isa = PBXGroup;
			children = (
				98143D772767814E00A51D6F /* Mulish */,
				A518C60C2673653500CD964D /* Configs */,
				A5CC7D2C265D8D5000DD3AA7 /* Assets.xcassets */,
				A5CC7D34265D8D5000DD3AA7 /* Info.plist */,
				A514220E2668C68E00C047D5 /* Localizable.strings */,
			);
			path = Resources;
			sourceTree = "<group>";
		};
		A5CC7D6F265D97F600DD3AA7 /* Network */ = {
			isa = PBXGroup;
			children = (
				A5CC7D70265D982400DD3AA7 /* Base */,
				A5CC7D79265D98E800DD3AA7 /* Entities */,
				A562BCF4265EE65200BBC6A9 /* Environment */,
				A5CC7DC1265DAA8C00DD3AA7 /* Web Services */,
				A5CC7D98265DA22600DD3AA7 /* Remote */,
			);
			path = Network;
			sourceTree = "<group>";
		};
		A5CC7D70265D982400DD3AA7 /* Base */ = {
			isa = PBXGroup;
			children = (
				A5CC7D74265D983400DD3AA7 /* BaseServiceProtocol.swift */,
				A539B68E2756D647002FE847 /* BaseResponse.swift */,
			);
			path = Base;
			sourceTree = "<group>";
		};
		A5CC7D79265D98E800DD3AA7 /* Entities */ = {
			isa = PBXGroup;
			children = (
				A5CC7D93265DA1BA00DD3AA7 /* APIError.swift */,
				A5CC7D8E265DA18800DD3AA7 /* HTTPMethod.swift */,
				A5CC7DBC265DA93C00DD3AA7 /* RequestBuilder.swift */,
				A562BD00265EE7B800BBC6A9 /* Request.swift */,
			);
			path = Entities;
			sourceTree = "<group>";
		};
		A5CC7D98265DA22600DD3AA7 /* Remote */ = {
			isa = PBXGroup;
			children = (
				A5CC7DB4265DA73D00DD3AA7 /* URLSessionAgent.swift */,
			);
			path = Remote;
			sourceTree = "<group>";
		};
		A5CC7DC1265DAA8C00DD3AA7 /* Web Services */ = {
			isa = PBXGroup;
			children = (
				A5FBCEFF268D810700921791 /* Brand */,
				A52227BC267CE4F400004C1F /* Category */,
				A56839EA2660E18900718E9F /* ExampleWebServices */,
			);
			path = "Web Services";
			sourceTree = "<group>";
		};
		A5FBCEFF268D810700921791 /* Brand */ = {
			isa = PBXGroup;
			children = (
				A539B68B2756D5E2002FE847 /* Model */,
				A5FBCF04268D8AAD00921791 /* BrandAPI.swift */,
				A539B6892756D027002FE847 /* BrandService.swift */,
				9212E779275C03EE000E9902 /* BrandDetailService.swift */,
				A5FBCF06268D8B0500921791 /* FakeBrandService.swift */,
				A5FBCF00268D811700921791 /* BrandDummy.swift */,
				A54ED83726CAED8E00B4062D /* BrandPointDetailUIModel.swift */,
			);
			path = Brand;
			sourceTree = "<group>";
		};
		A5FC0A992694F5CF00F0FAD6 /* BrandList */ = {
			isa = PBXGroup;
			children = (
				A54DBB9F269D8AE40096BBAF /* Detail */,
				A5FC0A9A2694F5DE00F0FAD6 /* BrandListView.swift */,
			);
			path = BrandList;
			sourceTree = "<group>";
		};
/* End PBXGroup section */

/* Begin PBXNativeTarget section */
		A5CC7D22265D8D4F00DD3AA7 /* Deneysiz */ = {
			isa = PBXNativeTarget;
			buildConfigurationList = A5CC7D4D265D8D5000DD3AA7 /* Build configuration list for PBXNativeTarget "Deneysiz" */;
			buildPhases = (
				A5CC7D1F265D8D4F00DD3AA7 /* Sources */,
				A5CC7D20265D8D4F00DD3AA7 /* Frameworks */,
				A5CC7D21265D8D4F00DD3AA7 /* Resources */,
				A523709F267256AE00E3FE1E /* ShellScript */,
			);
			buildRules = (
			);
			dependencies = (
			);
			name = Deneysiz;
			packageProductDependencies = (
				A518D6F326FA1B3C0084D8CC /* Lottie */,
			);
			productName = Deneysiz;
			productReference = A5CC7D23265D8D4F00DD3AA7 /* Deneysiz.app */;
			productType = "com.apple.product-type.application";
		};
		A5CC7D38265D8D5000DD3AA7 /* DeneysizTests */ = {
			isa = PBXNativeTarget;
			buildConfigurationList = A5CC7D50265D8D5000DD3AA7 /* Build configuration list for PBXNativeTarget "DeneysizTests" */;
			buildPhases = (
				A5CC7D35265D8D5000DD3AA7 /* Sources */,
				A5CC7D36265D8D5000DD3AA7 /* Frameworks */,
				A5CC7D37265D8D5000DD3AA7 /* Resources */,
			);
			buildRules = (
			);
			dependencies = (
				A5CC7D3B265D8D5000DD3AA7 /* PBXTargetDependency */,
			);
			name = DeneysizTests;
			productName = DeneysizTests;
			productReference = A5CC7D39265D8D5000DD3AA7 /* DeneysizTests.xctest */;
			productType = "com.apple.product-type.bundle.unit-test";
		};
		A5CC7D43265D8D5000DD3AA7 /* DeneysizUITests */ = {
			isa = PBXNativeTarget;
			buildConfigurationList = A5CC7D53265D8D5000DD3AA7 /* Build configuration list for PBXNativeTarget "DeneysizUITests" */;
			buildPhases = (
				A5CC7D40265D8D5000DD3AA7 /* Sources */,
				A5CC7D41265D8D5000DD3AA7 /* Frameworks */,
				A5CC7D42265D8D5000DD3AA7 /* Resources */,
			);
			buildRules = (
			);
			dependencies = (
				A5CC7D46265D8D5000DD3AA7 /* PBXTargetDependency */,
			);
			name = DeneysizUITests;
			productName = DeneysizUITests;
			productReference = A5CC7D44265D8D5000DD3AA7 /* DeneysizUITests.xctest */;
			productType = "com.apple.product-type.bundle.ui-testing";
		};
/* End PBXNativeTarget section */

/* Begin PBXProject section */
		A5CC7D1B265D8D4F00DD3AA7 /* Project object */ = {
			isa = PBXProject;
			attributes = {
				LastSwiftUpdateCheck = 1240;
				LastUpgradeCheck = 1240;
				TargetAttributes = {
					A5CC7D22265D8D4F00DD3AA7 = {
						CreatedOnToolsVersion = 12.4;
					};
					A5CC7D38265D8D5000DD3AA7 = {
						CreatedOnToolsVersion = 12.4;
						TestTargetID = A5CC7D22265D8D4F00DD3AA7;
					};
					A5CC7D43265D8D5000DD3AA7 = {
						CreatedOnToolsVersion = 12.4;
						TestTargetID = A5CC7D22265D8D4F00DD3AA7;
					};
				};
			};
			buildConfigurationList = A5CC7D1E265D8D4F00DD3AA7 /* Build configuration list for PBXProject "Deneysiz" */;
			compatibilityVersion = "Xcode 9.3";
			developmentRegion = en;
			hasScannedForEncodings = 0;
			knownRegions = (
				en,
				Base,
				tr,
			);
			mainGroup = A5CC7D1A265D8D4F00DD3AA7;
			packageReferences = (
				A518D6F226FA1B3C0084D8CC /* XCRemoteSwiftPackageReference "lottie-ios" */,
			);
			productRefGroup = A5CC7D24265D8D4F00DD3AA7 /* Products */;
			projectDirPath = "";
			projectRoot = "";
			targets = (
				A5CC7D22265D8D4F00DD3AA7 /* Deneysiz */,
				A5CC7D38265D8D5000DD3AA7 /* DeneysizTests */,
				A5CC7D43265D8D5000DD3AA7 /* DeneysizUITests */,
			);
		};
/* End PBXProject section */

/* Begin PBXResourcesBuildPhase section */
		A5CC7D21265D8D4F00DD3AA7 /* Resources */ = {
			isa = PBXResourcesBuildPhase;
			buildActionMask = 2147483647;
			files = (
				98143D9C2767814E00A51D6F /* Mulish-Medium.ttf in Resources */,
				98143D9F2767814E00A51D6F /* Mulish-BoldItalic.ttf in Resources */,
				98143D962767814E00A51D6F /* README.txt in Resources */,
				A518D70826FA25A40084D8CC /* empty.json in Resources */,
				98143D912767814E00A51D6F /* Mulish-BlackItalic.ttf in Resources */,
				98143D922767814E00A51D6F /* Mulish-SemiBoldItalic.ttf in Resources */,
				98143D932767814E00A51D6F /* Mulish-ExtraLightItalic.ttf in Resources */,
				98143D9D2767814E00A51D6F /* Mulish-MediumItalic.ttf in Resources */,
				98143D982767814E00A51D6F /* Mulish-Italic-VariableFont_wght.ttf in Resources */,
				98143D8D2767814E00A51D6F /* Mulish-ExtraBoldItalic.ttf in Resources */,
				98143D942767814E00A51D6F /* Mulish-Bold.ttf in Resources */,
				98143D9B2767814E00A51D6F /* Mulish-VariableFont_wght.ttf in Resources */,
				98143D8F2767814E00A51D6F /* Mulish-Regular.ttf in Resources */,
				98143D8C2767814E00A51D6F /* Mulish-LightItalic.ttf in Resources */,
				A518D70126FA25600084D8CC /* noData.json in Resources */,
				98143D992767814E00A51D6F /* Mulish-ExtraBold.ttf in Resources */,
				98143D902767814E00A51D6F /* Mulish-Black.ttf in Resources */,
				A5CC7D33265D8D5000DD3AA7 /* LaunchScreen.storyboard in Resources */,
				A514220C2668C68E00C047D5 /* Localizable.strings in Resources */,
				98143D9A2767814E00A51D6F /* Mulish-ExtraLight.ttf in Resources */,
				A5B2F956275FE99200826518 /* loading-lottie.json in Resources */,
				A5CC7D30265D8D5000DD3AA7 /* Preview Assets.xcassets in Resources */,
				A5CC7D2D265D8D5000DD3AA7 /* Assets.xcassets in Resources */,
				98143D972767814E00A51D6F /* Mulish-Light.ttf in Resources */,
				98143D8E2767814E00A51D6F /* Mulish-Italic.ttf in Resources */,
				98143D952767814E00A51D6F /* OFL.txt in Resources */,
				98143D9E2767814E00A51D6F /* Mulish-SemiBold.ttf in Resources */,
				A518D6FD26FA1BF10084D8CC /* rabbit.json in Resources */,
			);
			runOnlyForDeploymentPostprocessing = 0;
		};
		A5CC7D37265D8D5000DD3AA7 /* Resources */ = {
			isa = PBXResourcesBuildPhase;
			buildActionMask = 2147483647;
			files = (
			);
			runOnlyForDeploymentPostprocessing = 0;
		};
		A5CC7D42265D8D5000DD3AA7 /* Resources */ = {
			isa = PBXResourcesBuildPhase;
			buildActionMask = 2147483647;
			files = (
			);
			runOnlyForDeploymentPostprocessing = 0;
		};
/* End PBXResourcesBuildPhase section */

/* Begin PBXShellScriptBuildPhase section */
		A523709F267256AE00E3FE1E /* ShellScript */ = {
			isa = PBXShellScriptBuildPhase;
			buildActionMask = 2147483647;
			files = (
			);
			inputFileListPaths = (
			);
			inputPaths = (
			);
			outputFileListPaths = (
			);
			outputPaths = (
			);
			runOnlyForDeploymentPostprocessing = 0;
			shellPath = /bin/sh;
			shellScript = "# Type a script or drag a script file from your workspace to insert its path.\nif which swiftlint >/dev/null; then\n  swiftlint\nelse\n  echo \"warning: SwiftLint not installed, download from https://github.com/realm/SwiftLint\"\nfi\n";
		};
/* End PBXShellScriptBuildPhase section */

/* Begin PBXSourcesBuildPhase section */
		A5CC7D1F265D8D4F00DD3AA7 /* Sources */ = {
			isa = PBXSourcesBuildPhase;
			buildActionMask = 2147483647;
			files = (
				A539B6912756D66F002FE847 /* SearchBrandByCategoryPayload.swift in Sources */,
				A5A6EA8C2667CF64008C8B2F /* RawRepresentable+Extension.swift in Sources */,
				9212E778275C03BB000E9902 /* BrandDetail.swift in Sources */,
				A5FC0A962694861800F0FAD6 /* Color+Extension.swift in Sources */,
				A5C96C0E277B0AC0005976B5 /* ScrollRefreshable.swift in Sources */,
				A53F552E265EECFA0005AB1C /* FakeAuthService.swift in Sources */,
				A5CC7DBD265DA93C00DD3AA7 /* RequestBuilder.swift in Sources */,
				A5FC0A9B2694F5DE00F0FAD6 /* BrandListView.swift in Sources */,
				98AD7F2C2770F22C009F04A6 /* OpenWebsite.swift in Sources */,
				A562BD01265EE7B800BBC6A9 /* Request.swift in Sources */,
				A5FBCF0D268D910F00921791 /* Logger.swift in Sources */,
				A54ED83626CAEA6A00B4062D /* PointDetailAlert.swift in Sources */,
				A5FBCF07268D8B0500921791 /* FakeBrandService.swift in Sources */,
				A52227B8267CE41D00004C1F /* DiscoverDependencyContainer.swift in Sources */,
				A539B68D2756D5F3002FE847 /* Brand.swift in Sources */,
				98619F662694377700E4275E /* BankAccountView.swift in Sources */,
				98598324268C4C8B007678E8 /* Font+Extension.swift in Sources */,
				A5FBCF09268D8D8B00921791 /* PopUpHelper.swift in Sources */,
				A52227A5267CDB0500004C1F /* DiscoverView.swift in Sources */,
				A5A6EA822667CA40008C8B2F /* FacebookAuthService.swift in Sources */,
				A51C45BC2660DB4F003CCC58 /* FirstDependencyContainer.swift in Sources */,
				98448A6A287633D600AB7C8A /* CollapsibleView.swift in Sources */,
				A50CB05D26DCE9F700259E05 /* CertificateViewModel.swift in Sources */,
				98576D0D2691CDA700C307FA /* DonateView.swift in Sources */,
				A5C7114E278DBECD000F803C /* UINavigationController+Extension.swift in Sources */,
				A562BCF6265EE66400BBC6A9 /* AppEnvironment.swift in Sources */,
				9834C3972691DA230037EC8F /* EmailService.swift in Sources */,
				A51C45C12660DD23003CCC58 /* FirstContainerView.swift in Sources */,
				A5FBCF01268D811700921791 /* BrandDummy.swift in Sources */,
				A52227CC267CE64A00004C1F /* FakeCategoryService.swift in Sources */,
				A562BD10265EE90A00BBC6A9 /* AuthAPI.swift in Sources */,
				A5B2F958275FED4C00826518 /* OrderPopUp.swift in Sources */,
				A539B68F2756D647002FE847 /* BaseResponse.swift in Sources */,
				A5CC7D27265D8D4F00DD3AA7 /* AppDelegate.swift in Sources */,
				A518D6F726FA1B5E0084D8CC /* LottieView.swift in Sources */,
				9212E776275C03A5000E9902 /* BrandDetailPayload.swift in Sources */,
				A52227BE267CE50500004C1F /* CategoryAPI.swift in Sources */,
				A54ED83826CAED8E00B4062D /* BrandPointDetailUIModel.swift in Sources */,
				9212E77A275C03EE000E9902 /* BrandDetailService.swift in Sources */,
				A5829268268CA30B00429A0E /* CategoryDetailView.swift in Sources */,
				A518D6FB26FA1BE00084D8CC /* LottieRabbit.swift in Sources */,
				A518C6102673655B00CD964D /* Configuration.swift in Sources */,
				A508DCC4268373B500336A18 /* ExampleAPI.swift in Sources */,
				A5FBCF05268D8AAD00921791 /* BrandAPI.swift in Sources */,
				A5CC7D80265D9DDE00DD3AA7 /* EnvironmentProtocol.swift in Sources */,
				A5CC7D29265D8D4F00DD3AA7 /* SceneDelegate.swift in Sources */,
				A5CC7D94265DA1BA00DD3AA7 /* APIError.swift in Sources */,
				A59ED96C26F1B74200E71E7C /* InfoView.swift in Sources */,
				A52227D5267CE79700004C1F /* CategoryListViewModel.swift in Sources */,
				A5CC7D75265D983400DD3AA7 /* BaseServiceProtocol.swift in Sources */,
				92A6F36E2870F5AC004F5C73 /* InfoDetailView.swift in Sources */,
				A54DBBA6269D8B3E0096BBAF /* BaseViewModel.swift in Sources */,
				A542AC6A268FBB8000B725BE /* ActivityIndicator.swift in Sources */,
				92E3C6E627E7CDD300951146 /* PreferenceKeyBase.swift in Sources */,
				A51C45B72660DAF0003CCC58 /* FirstViewModel.swift in Sources */,
				A54ED83426CADC3500B4062D /* CustomErrorAlert.swift in Sources */,
				98880FB426887E6200D94852 /* WhoAreWeView.swift in Sources */,
				A5BAE692269EB0F6002DFFBD /* FixedImage.swift in Sources */,
				A52227EE267CEE3200004C1F /* InstanceTracker.swift in Sources */,
				A518D70626FA259C0084D8CC /* LottieEmpty.swift in Sources */,
				A5B2F952275FE8B900826518 /* LottieLoading.swift in Sources */,
				A5FBCF03268D8A4000921791 /* CategoryDetailViewModel.swift in Sources */,
				A54DBBA3269D8AF80096BBAF /* BrandDetailViewModel.swift in Sources */,
				A508DCCC2683745800336A18 /* ExampleEnvironment.swift in Sources */,
				A5FBCF0F268DA1C000921791 /* View+Extension.swift in Sources */,
				92E3C6E327E7AF0900951146 /* CustomNavBarContainer.swift in Sources */,
				A5CC7D8F265DA18800DD3AA7 /* HTTPMethod.swift in Sources */,
				A52227F3267CEFE300004C1F /* Array+Extension.swift in Sources */,
				A518D70326FA25800084D8CC /* LottieNoData.swift in Sources */,
				98448A6728762DF300AB7C8A /* SupportView.swift in Sources */,
				A52227B3267CDD6B00004C1F /* CustomNavBar.swift in Sources */,
				A508DCB62683733200336A18 /* ExampleService.swift in Sources */,
				A539B68A2756D028002FE847 /* BrandService.swift in Sources */,
				A54DBBA1269D8AF00096BBAF /* BrandDetailView.swift in Sources */,
				A5CC7DB5265DA73D00DD3AA7 /* URLSessionAgent.swift in Sources */,
				A50CB05B26DCE00400259E05 /* CertificateView.swift in Sources */,
				98880FB726887F0400D94852 /* SocialMediaButton.swift in Sources */,
				A52227E5267CEB3800004C1F /* CategoryListView.swift in Sources */,
				A51C45A92660CD51003CCC58 /* DashboardTabView.swift in Sources */,
				A52227C7267CE5D700004C1F /* CategoryDummy.swift in Sources */,
				A51C45B22660D615003CCC58 /* FirstView.swift in Sources */,
				A5222799267CD81600004C1F /* MainTabView.swift in Sources */,
				A5CC7DC3265DAA9D00DD3AA7 /* AuthService.swift in Sources */,
				98880FBA26887F6500D94852 /* WhoAreWeButton.swift in Sources */,
			);
			runOnlyForDeploymentPostprocessing = 0;
		};
		A5CC7D35265D8D5000DD3AA7 /* Sources */ = {
			isa = PBXSourcesBuildPhase;
			buildActionMask = 2147483647;
			files = (
				A5CC7D3E265D8D5000DD3AA7 /* DeneysizTests.swift in Sources */,
			);
			runOnlyForDeploymentPostprocessing = 0;
		};
		A5CC7D40265D8D5000DD3AA7 /* Sources */ = {
			isa = PBXSourcesBuildPhase;
			buildActionMask = 2147483647;
			files = (
				A5CC7D49265D8D5000DD3AA7 /* DeneysizUITests.swift in Sources */,
			);
			runOnlyForDeploymentPostprocessing = 0;
		};
/* End PBXSourcesBuildPhase section */

/* Begin PBXTargetDependency section */
		A5CC7D3B265D8D5000DD3AA7 /* PBXTargetDependency */ = {
			isa = PBXTargetDependency;
			target = A5CC7D22265D8D4F00DD3AA7 /* Deneysiz */;
			targetProxy = A5CC7D3A265D8D5000DD3AA7 /* PBXContainerItemProxy */;
		};
		A5CC7D46265D8D5000DD3AA7 /* PBXTargetDependency */ = {
			isa = PBXTargetDependency;
			target = A5CC7D22265D8D4F00DD3AA7 /* Deneysiz */;
			targetProxy = A5CC7D45265D8D5000DD3AA7 /* PBXContainerItemProxy */;
		};
/* End PBXTargetDependency section */

/* Begin PBXVariantGroup section */
		A514220E2668C68E00C047D5 /* Localizable.strings */ = {
			isa = PBXVariantGroup;
			children = (
				A514220D2668C68E00C047D5 /* en */,
				A51422122668C69600C047D5 /* tr */,
			);
			name = Localizable.strings;
			sourceTree = "<group>";
		};
		A5CC7D31265D8D5000DD3AA7 /* LaunchScreen.storyboard */ = {
			isa = PBXVariantGroup;
			children = (
				A5CC7D32265D8D5000DD3AA7 /* Base */,
				A51422032668C66B00C047D5 /* tr */,
			);
			name = LaunchScreen.storyboard;
			sourceTree = "<group>";
		};
/* End PBXVariantGroup section */

/* Begin XCBuildConfiguration section */
		A5CC7D4B265D8D5000DD3AA7 /* Debug */ = {
			isa = XCBuildConfiguration;
			baseConfigurationReference = A518C60D2673654700CD964D /* Development.xcconfig */;
			buildSettings = {
				ALWAYS_SEARCH_USER_PATHS = NO;
				CLANG_ANALYZER_LOCALIZABILITY_NONLOCALIZED = YES;
				CLANG_ANALYZER_NONNULL = YES;
				CLANG_ANALYZER_NUMBER_OBJECT_CONVERSION = YES_AGGRESSIVE;
				CLANG_CXX_LANGUAGE_STANDARD = "gnu++14";
				CLANG_CXX_LIBRARY = "libc++";
				CLANG_ENABLE_MODULES = YES;
				CLANG_ENABLE_OBJC_ARC = YES;
				CLANG_ENABLE_OBJC_WEAK = YES;
				CLANG_WARN_BLOCK_CAPTURE_AUTORELEASING = YES;
				CLANG_WARN_BOOL_CONVERSION = YES;
				CLANG_WARN_COMMA = YES;
				CLANG_WARN_CONSTANT_CONVERSION = YES;
				CLANG_WARN_DEPRECATED_OBJC_IMPLEMENTATIONS = YES;
				CLANG_WARN_DIRECT_OBJC_ISA_USAGE = YES_ERROR;
				CLANG_WARN_DOCUMENTATION_COMMENTS = YES;
				CLANG_WARN_EMPTY_BODY = YES;
				CLANG_WARN_ENUM_CONVERSION = YES;
				CLANG_WARN_INFINITE_RECURSION = YES;
				CLANG_WARN_INT_CONVERSION = YES;
				CLANG_WARN_NON_LITERAL_NULL_CONVERSION = YES;
				CLANG_WARN_OBJC_IMPLICIT_RETAIN_SELF = YES;
				CLANG_WARN_OBJC_LITERAL_CONVERSION = YES;
				CLANG_WARN_OBJC_ROOT_CLASS = YES_ERROR;
				CLANG_WARN_QUOTED_INCLUDE_IN_FRAMEWORK_HEADER = YES;
				CLANG_WARN_RANGE_LOOP_ANALYSIS = YES;
				CLANG_WARN_STRICT_PROTOTYPES = YES;
				CLANG_WARN_SUSPICIOUS_MOVE = YES;
				CLANG_WARN_UNGUARDED_AVAILABILITY = YES_AGGRESSIVE;
				CLANG_WARN_UNREACHABLE_CODE = YES;
				CLANG_WARN__DUPLICATE_METHOD_MATCH = YES;
				COPY_PHASE_STRIP = NO;
				DEBUG_INFORMATION_FORMAT = dwarf;
				ENABLE_STRICT_OBJC_MSGSEND = YES;
				ENABLE_TESTABILITY = YES;
				GCC_C_LANGUAGE_STANDARD = gnu11;
				GCC_DYNAMIC_NO_PIC = NO;
				GCC_NO_COMMON_BLOCKS = YES;
				GCC_OPTIMIZATION_LEVEL = 0;
				GCC_PREPROCESSOR_DEFINITIONS = (
					"DEBUG=1",
					"$(inherited)",
				);
				GCC_WARN_64_TO_32_BIT_CONVERSION = YES;
				GCC_WARN_ABOUT_RETURN_TYPE = YES_ERROR;
				GCC_WARN_UNDECLARED_SELECTOR = YES;
				GCC_WARN_UNINITIALIZED_AUTOS = YES_AGGRESSIVE;
				GCC_WARN_UNUSED_FUNCTION = YES;
				GCC_WARN_UNUSED_VARIABLE = YES;
				IPHONEOS_DEPLOYMENT_TARGET = 14.4;
				MTL_ENABLE_DEBUG_INFO = INCLUDE_SOURCE;
				MTL_FAST_MATH = YES;
				ONLY_ACTIVE_ARCH = YES;
				SDKROOT = iphoneos;
				SWIFT_ACTIVE_COMPILATION_CONDITIONS = DEBUG;
				SWIFT_OPTIMIZATION_LEVEL = "-Onone";
			};
			name = Debug;
		};
		A5CC7D4C265D8D5000DD3AA7 /* Release */ = {
			isa = XCBuildConfiguration;
			baseConfigurationReference = A518C60E2673655500CD964D /* Production.xcconfig */;
			buildSettings = {
				ALWAYS_SEARCH_USER_PATHS = NO;
				CLANG_ANALYZER_LOCALIZABILITY_NONLOCALIZED = YES;
				CLANG_ANALYZER_NONNULL = YES;
				CLANG_ANALYZER_NUMBER_OBJECT_CONVERSION = YES_AGGRESSIVE;
				CLANG_CXX_LANGUAGE_STANDARD = "gnu++14";
				CLANG_CXX_LIBRARY = "libc++";
				CLANG_ENABLE_MODULES = YES;
				CLANG_ENABLE_OBJC_ARC = YES;
				CLANG_ENABLE_OBJC_WEAK = YES;
				CLANG_WARN_BLOCK_CAPTURE_AUTORELEASING = YES;
				CLANG_WARN_BOOL_CONVERSION = YES;
				CLANG_WARN_COMMA = YES;
				CLANG_WARN_CONSTANT_CONVERSION = YES;
				CLANG_WARN_DEPRECATED_OBJC_IMPLEMENTATIONS = YES;
				CLANG_WARN_DIRECT_OBJC_ISA_USAGE = YES_ERROR;
				CLANG_WARN_DOCUMENTATION_COMMENTS = YES;
				CLANG_WARN_EMPTY_BODY = YES;
				CLANG_WARN_ENUM_CONVERSION = YES;
				CLANG_WARN_INFINITE_RECURSION = YES;
				CLANG_WARN_INT_CONVERSION = YES;
				CLANG_WARN_NON_LITERAL_NULL_CONVERSION = YES;
				CLANG_WARN_OBJC_IMPLICIT_RETAIN_SELF = YES;
				CLANG_WARN_OBJC_LITERAL_CONVERSION = YES;
				CLANG_WARN_OBJC_ROOT_CLASS = YES_ERROR;
				CLANG_WARN_QUOTED_INCLUDE_IN_FRAMEWORK_HEADER = YES;
				CLANG_WARN_RANGE_LOOP_ANALYSIS = YES;
				CLANG_WARN_STRICT_PROTOTYPES = YES;
				CLANG_WARN_SUSPICIOUS_MOVE = YES;
				CLANG_WARN_UNGUARDED_AVAILABILITY = YES_AGGRESSIVE;
				CLANG_WARN_UNREACHABLE_CODE = YES;
				CLANG_WARN__DUPLICATE_METHOD_MATCH = YES;
				COPY_PHASE_STRIP = NO;
				DEBUG_INFORMATION_FORMAT = "dwarf-with-dsym";
				ENABLE_NS_ASSERTIONS = NO;
				ENABLE_STRICT_OBJC_MSGSEND = YES;
				GCC_C_LANGUAGE_STANDARD = gnu11;
				GCC_NO_COMMON_BLOCKS = YES;
				GCC_WARN_64_TO_32_BIT_CONVERSION = YES;
				GCC_WARN_ABOUT_RETURN_TYPE = YES_ERROR;
				GCC_WARN_UNDECLARED_SELECTOR = YES;
				GCC_WARN_UNINITIALIZED_AUTOS = YES_AGGRESSIVE;
				GCC_WARN_UNUSED_FUNCTION = YES;
				GCC_WARN_UNUSED_VARIABLE = YES;
				IPHONEOS_DEPLOYMENT_TARGET = 14.4;
				MTL_ENABLE_DEBUG_INFO = NO;
				MTL_FAST_MATH = YES;
				SDKROOT = iphoneos;
				SWIFT_COMPILATION_MODE = wholemodule;
				SWIFT_OPTIMIZATION_LEVEL = "-O";
				VALIDATE_PRODUCT = YES;
			};
			name = Release;
		};
		A5CC7D4E265D8D5000DD3AA7 /* Debug */ = {
			isa = XCBuildConfiguration;
			buildSettings = {
				ASSETCATALOG_COMPILER_APPICON_NAME = AppIcon;
				ASSETCATALOG_COMPILER_GLOBAL_ACCENT_COLOR_NAME = AccentColor;
				CODE_SIGN_IDENTITY = "Apple Development";
				CODE_SIGN_STYLE = Automatic;
				CURRENT_PROJECT_VERSION = 2;
				DEVELOPMENT_ASSET_PATHS = "\"Deneysiz/Preview Content\"";
				DEVELOPMENT_TEAM = B9YVSAL4BY;
				ENABLE_PREVIEWS = YES;
				INFOPLIST_FILE = Deneysiz/Resources/Info.plist;
				LD_RUNPATH_SEARCH_PATHS = (
					"$(inherited)",
					"@executable_path/Frameworks",
				);
				PRODUCT_BUNDLE_IDENTIFIER = com.deneyehayir.deneysiz.dev;
				PRODUCT_NAME = "$(TARGET_NAME)";
				PROVISIONING_PROFILE_SPECIFIER = "";
				SWIFT_VERSION = 5.0;
				TARGETED_DEVICE_FAMILY = "1,2";
			};
			name = Debug;
		};
		A5CC7D4F265D8D5000DD3AA7 /* Release */ = {
			isa = XCBuildConfiguration;
			buildSettings = {
				ASSETCATALOG_COMPILER_APPICON_NAME = AppIcon;
				ASSETCATALOG_COMPILER_GLOBAL_ACCENT_COLOR_NAME = AccentColor;
				CODE_SIGN_IDENTITY = "iPhone Distribution";
				CODE_SIGN_STYLE = Manual;
				CURRENT_PROJECT_VERSION = 2;
				DEVELOPMENT_ASSET_PATHS = "\"Deneysiz/Preview Content\"";
				DEVELOPMENT_TEAM = B9YVSAL4BY;
				ENABLE_PREVIEWS = YES;
				INFOPLIST_FILE = Deneysiz/Resources/Info.plist;
				LD_RUNPATH_SEARCH_PATHS = (
					"$(inherited)",
					"@executable_path/Frameworks",
				);
				PRODUCT_BUNDLE_IDENTIFIER = com.deneyehayir.deneysiz;
				PRODUCT_NAME = "$(TARGET_NAME)";
				PROVISIONING_PROFILE_SPECIFIER = "Deneysiz Distribution Profile";
				SWIFT_VERSION = 5.0;
				TARGETED_DEVICE_FAMILY = "1,2";
			};
			name = Release;
		};
		A5CC7D51265D8D5000DD3AA7 /* Debug */ = {
			isa = XCBuildConfiguration;
			buildSettings = {
				ALWAYS_EMBED_SWIFT_STANDARD_LIBRARIES = YES;
				BUNDLE_LOADER = "$(TEST_HOST)";
				CODE_SIGN_STYLE = Automatic;
				DEVELOPMENT_TEAM = K8J8CUXWK9;
				INFOPLIST_FILE = DeneysizTests/Info.plist;
				IPHONEOS_DEPLOYMENT_TARGET = 14.4;
				LD_RUNPATH_SEARCH_PATHS = (
					"$(inherited)",
					"@executable_path/Frameworks",
					"@loader_path/Frameworks",
				);
				PRODUCT_BUNDLE_IDENTIFIER = com.adesso.DeneysizTests;
				PRODUCT_NAME = "$(TARGET_NAME)";
				SWIFT_VERSION = 5.0;
				TARGETED_DEVICE_FAMILY = "1,2";
				TEST_HOST = "$(BUILT_PRODUCTS_DIR)/Deneysiz.app/Deneysiz";
			};
			name = Debug;
		};
		A5CC7D52265D8D5000DD3AA7 /* Release */ = {
			isa = XCBuildConfiguration;
			buildSettings = {
				ALWAYS_EMBED_SWIFT_STANDARD_LIBRARIES = YES;
				BUNDLE_LOADER = "$(TEST_HOST)";
				CODE_SIGN_STYLE = Automatic;
				DEVELOPMENT_TEAM = K8J8CUXWK9;
				INFOPLIST_FILE = DeneysizTests/Info.plist;
				IPHONEOS_DEPLOYMENT_TARGET = 14.4;
				LD_RUNPATH_SEARCH_PATHS = (
					"$(inherited)",
					"@executable_path/Frameworks",
					"@loader_path/Frameworks",
				);
				PRODUCT_BUNDLE_IDENTIFIER = com.adesso.DeneysizTests;
				PRODUCT_NAME = "$(TARGET_NAME)";
				SWIFT_VERSION = 5.0;
				TARGETED_DEVICE_FAMILY = "1,2";
				TEST_HOST = "$(BUILT_PRODUCTS_DIR)/Deneysiz.app/Deneysiz";
			};
			name = Release;
		};
		A5CC7D54265D8D5000DD3AA7 /* Debug */ = {
			isa = XCBuildConfiguration;
			buildSettings = {
				ALWAYS_EMBED_SWIFT_STANDARD_LIBRARIES = YES;
				CODE_SIGN_STYLE = Automatic;
				DEVELOPMENT_TEAM = K8J8CUXWK9;
				INFOPLIST_FILE = DeneysizUITests/Info.plist;
				LD_RUNPATH_SEARCH_PATHS = (
					"$(inherited)",
					"@executable_path/Frameworks",
					"@loader_path/Frameworks",
				);
				PRODUCT_BUNDLE_IDENTIFIER = com.adesso.DeneysizUITests;
				PRODUCT_NAME = "$(TARGET_NAME)";
				SWIFT_VERSION = 5.0;
				TARGETED_DEVICE_FAMILY = "1,2";
				TEST_TARGET_NAME = Deneysiz;
			};
			name = Debug;
		};
		A5CC7D55265D8D5000DD3AA7 /* Release */ = {
			isa = XCBuildConfiguration;
			buildSettings = {
				ALWAYS_EMBED_SWIFT_STANDARD_LIBRARIES = YES;
				CODE_SIGN_STYLE = Automatic;
				DEVELOPMENT_TEAM = K8J8CUXWK9;
				INFOPLIST_FILE = DeneysizUITests/Info.plist;
				LD_RUNPATH_SEARCH_PATHS = (
					"$(inherited)",
					"@executable_path/Frameworks",
					"@loader_path/Frameworks",
				);
				PRODUCT_BUNDLE_IDENTIFIER = com.adesso.DeneysizUITests;
				PRODUCT_NAME = "$(TARGET_NAME)";
				SWIFT_VERSION = 5.0;
				TARGETED_DEVICE_FAMILY = "1,2";
				TEST_TARGET_NAME = Deneysiz;
			};
			name = Release;
		};
/* End XCBuildConfiguration section */

/* Begin XCConfigurationList section */
		A5CC7D1E265D8D4F00DD3AA7 /* Build configuration list for PBXProject "Deneysiz" */ = {
			isa = XCConfigurationList;
			buildConfigurations = (
				A5CC7D4B265D8D5000DD3AA7 /* Debug */,
				A5CC7D4C265D8D5000DD3AA7 /* Release */,
			);
			defaultConfigurationIsVisible = 0;
			defaultConfigurationName = Release;
		};
		A5CC7D4D265D8D5000DD3AA7 /* Build configuration list for PBXNativeTarget "Deneysiz" */ = {
			isa = XCConfigurationList;
			buildConfigurations = (
				A5CC7D4E265D8D5000DD3AA7 /* Debug */,
				A5CC7D4F265D8D5000DD3AA7 /* Release */,
			);
			defaultConfigurationIsVisible = 0;
			defaultConfigurationName = Release;
		};
		A5CC7D50265D8D5000DD3AA7 /* Build configuration list for PBXNativeTarget "DeneysizTests" */ = {
			isa = XCConfigurationList;
			buildConfigurations = (
				A5CC7D51265D8D5000DD3AA7 /* Debug */,
				A5CC7D52265D8D5000DD3AA7 /* Release */,
			);
			defaultConfigurationIsVisible = 0;
			defaultConfigurationName = Release;
		};
		A5CC7D53265D8D5000DD3AA7 /* Build configuration list for PBXNativeTarget "DeneysizUITests" */ = {
			isa = XCConfigurationList;
			buildConfigurations = (
				A5CC7D54265D8D5000DD3AA7 /* Debug */,
				A5CC7D55265D8D5000DD3AA7 /* Release */,
			);
			defaultConfigurationIsVisible = 0;
			defaultConfigurationName = Release;
		};
/* End XCConfigurationList section */

/* Begin XCRemoteSwiftPackageReference section */
		A518D6F226FA1B3C0084D8CC /* XCRemoteSwiftPackageReference "lottie-ios" */ = {
			isa = XCRemoteSwiftPackageReference;
			repositoryURL = "https://github.com/airbnb/lottie-ios";
			requirement = {
				kind = upToNextMajorVersion;
				minimumVersion = 3.2.3;
			};
		};
/* End XCRemoteSwiftPackageReference section */

/* Begin XCSwiftPackageProductDependency section */
		A518D6F326FA1B3C0084D8CC /* Lottie */ = {
			isa = XCSwiftPackageProductDependency;
			package = A518D6F226FA1B3C0084D8CC /* XCRemoteSwiftPackageReference "lottie-ios" */;
			productName = Lottie;
		};
/* End XCSwiftPackageProductDependency section */
	};
	rootObject = A5CC7D1B265D8D4F00DD3AA7 /* Project object */;
}
